// !$*UTF8*$!
{
	archiveVersion = 1;
	classes = {
	};
	objectVersion = 50;
	objects = {

/* Begin PBXBuildFile section */
		FBE283122515A10900E0EFDF /* AppDelegate.swift in Sources */ = {isa = PBXBuildFile; fileRef = FBE283112515A10900E0EFDF /* AppDelegate.swift */; };
		FBE283142515A10900E0EFDF /* SceneDelegate.swift in Sources */ = {isa = PBXBuildFile; fileRef = FBE283132515A10900E0EFDF /* SceneDelegate.swift */; };
		FBE283162515A10900E0EFDF /* ViewController.swift in Sources */ = {isa = PBXBuildFile; fileRef = FBE283152515A10900E0EFDF /* ViewController.swift */; };
		FBE283192515A10900E0EFDF /* Main.storyboard in Resources */ = {isa = PBXBuildFile; fileRef = FBE283172515A10900E0EFDF /* Main.storyboard */; };
		FBE2831B2515A10A00E0EFDF /* Assets.xcassets in Resources */ = {isa = PBXBuildFile; fileRef = FBE2831A2515A10A00E0EFDF /* Assets.xcassets */; };
		FBE2831E2515A10A00E0EFDF /* LaunchScreen.storyboard in Resources */ = {isa = PBXBuildFile; fileRef = FBE2831C2515A10A00E0EFDF /* LaunchScreen.storyboard */; };
		FBE283272515A80000E0EFDF /* ConfigurationViewController.swift in Sources */ = {isa = PBXBuildFile; fileRef = FBE283262515A80000E0EFDF /* ConfigurationViewController.swift */; };
		FBE2832A2515A93400E0EFDF /* ProfileViewController.swift in Sources */ = {isa = PBXBuildFile; fileRef = FBE283292515A93400E0EFDF /* ProfileViewController.swift */; };
/* End PBXBuildFile section */

/* Begin PBXFileReference section */
		FBE2830E2515A10800E0EFDF /* DemoNavegation.app */ = {isa = PBXFileReference; explicitFileType = wrapper.application; includeInIndex = 0; path = DemoNavegation.app; sourceTree = BUILT_PRODUCTS_DIR; };
		FBE283112515A10900E0EFDF /* AppDelegate.swift */ = {isa = PBXFileReference; lastKnownFileType = sourcecode.swift; path = AppDelegate.swift; sourceTree = "<group>"; };
		FBE283132515A10900E0EFDF /* SceneDelegate.swift */ = {isa = PBXFileReference; lastKnownFileType = sourcecode.swift; path = SceneDelegate.swift; sourceTree = "<group>"; };
		FBE283152515A10900E0EFDF /* ViewController.swift */ = {isa = PBXFileReference; lastKnownFileType = sourcecode.swift; path = ViewController.swift; sourceTree = "<group>"; };
		FBE283182515A10900E0EFDF /* Base */ = {isa = PBXFileReference; lastKnownFileType = file.storyboard; name = Base; path = Base.lproj/Main.storyboard; sourceTree = "<group>"; };
		FBE2831A2515A10A00E0EFDF /* Assets.xcassets */ = {isa = PBXFileReference; lastKnownFileType = folder.assetcatalog; path = Assets.xcassets; sourceTree = "<group>"; };
		FBE2831D2515A10A00E0EFDF /* Base */ = {isa = PBXFileReference; lastKnownFileType = file.storyboard; name = Base; path = Base.lproj/LaunchScreen.storyboard; sourceTree = "<group>"; };
		FBE2831F2515A10A00E0EFDF /* Info.plist */ = {isa = PBXFileReference; lastKnownFileType = text.plist.xml; path = Info.plist; sourceTree = "<group>"; };
		FBE283262515A80000E0EFDF /* ConfigurationViewController.swift */ = {isa = PBXFileReference; lastKnownFileType = sourcecode.swift; path = ConfigurationViewController.swift; sourceTree = "<group>"; };
		FBE283292515A93400E0EFDF /* ProfileViewController.swift */ = {isa = PBXFileReference; lastKnownFileType = sourcecode.swift; path = ProfileViewController.swift; sourceTree = "<group>"; };
/* End PBXFileReference section */

/* Begin PBXFrameworksBuildPhase section */
		FBE2830B2515A10800E0EFDF /* Frameworks */ = {
			isa = PBXFrameworksBuildPhase;
			buildActionMask = 2147483647;
			files = (
			);
			runOnlyForDeploymentPostprocessing = 0;
		};
/* End PBXFrameworksBuildPhase section */

/* Begin PBXGroup section */
		FBE283052515A10800E0EFDF = {
			isa = PBXGroup;
			children = (
				FBE283102515A10800E0EFDF /* DemoNavegation */,
				FBE2830F2515A10800E0EFDF /* Products */,
			);
			sourceTree = "<group>";
		};
		FBE2830F2515A10800E0EFDF /* Products */ = {
			isa = PBXGroup;
			children = (
				FBE2830E2515A10800E0EFDF /* DemoNavegation.app */,
			);
			name = Products;
			sourceTree = "<group>";
		};
		FBE283102515A10800E0EFDF /* DemoNavegation */ = {
			isa = PBXGroup;
			children = (
				FBE283112515A10900E0EFDF /* AppDelegate.swift */,
				FBE283132515A10900E0EFDF /* SceneDelegate.swift */,
				FBE283152515A10900E0EFDF /* ViewController.swift */,
				FBE283172515A10900E0EFDF /* Main.storyboard */,
				FBE2831A2515A10A00E0EFDF /* Assets.xcassets */,
				FBE2831C2515A10A00E0EFDF /* LaunchScreen.storyboard */,
				FBE2831F2515A10A00E0EFDF /* Info.plist */,
				FBE283262515A80000E0EFDF /* ConfigurationViewController.swift */,
				FBE283292515A93400E0EFDF /* ProfileViewController.swift */,
			);
			path = DemoNavegation;
			sourceTree = "<group>";
		};
/* End PBXGroup section */

/* Begin PBXNativeTarget section */
		FBE2830D2515A10800E0EFDF /* DemoNavegation */ = {
			isa = PBXNativeTarget;
			buildConfigurationList = FBE283222515A10A00E0EFDF /* Build configuration list for PBXNativeTarget "DemoNavegation" */;
			buildPhases = (
				FBE2830A2515A10800E0EFDF /* Sources */,
				FBE2830B2515A10800E0EFDF /* Frameworks */,
				FBE2830C2515A10800E0EFDF /* Resources */,
			);
			buildRules = (
			);
			dependencies = (
			);
			name = DemoNavegation;
			productName = DemoNavegation;
			productReference = FBE2830E2515A10800E0EFDF /* DemoNavegation.app */;
			productType = "com.apple.product-type.application";
		};
/* End PBXNativeTarget section */

/* Begin PBXProject section */
		FBE283062515A10800E0EFDF /* Project object */ = {
			isa = PBXProject;
			attributes = {
				LastSwiftUpdateCheck = 1200;
				LastUpgradeCheck = 1200;
				TargetAttributes = {
					FBE2830D2515A10800E0EFDF = {
						CreatedOnToolsVersion = 12.0;
					};
				};
			};
			buildConfigurationList = FBE283092515A10800E0EFDF /* Build configuration list for PBXProject "DemoNavegation" */;
			compatibilityVersion = "Xcode 9.3";
			developmentRegion = en;
			hasScannedForEncodings = 0;
			knownRegions = (
				en,
				Base,
			);
			mainGroup = FBE283052515A10800E0EFDF;
			productRefGroup = FBE2830F2515A10800E0EFDF /* Products */;
			projectDirPath = "";
			projectRoot = "";
			targets = (
				FBE2830D2515A10800E0EFDF /* DemoNavegation */,
			);
		};
/* End PBXProject section */

/* Begin PBXResourcesBuildPhase section */
		FBE2830C2515A10800E0EFDF /* Resources */ = {
			isa = PBXResourcesBuildPhase;
			buildActionMask = 2147483647;
			files = (
				FBE2831E2515A10A00E0EFDF /* LaunchScreen.storyboard in Resources */,
				FBE2831B2515A10A00E0EFDF /* Assets.xcassets in Resources */,
				FBE283192515A10900E0EFDF /* Main.storyboard in Resources */,
			);
			runOnlyForDeploymentPostprocessing = 0;
		};
/* End PBXResourcesBuildPhase section */

/* Begin PBXSourcesBuildPhase section */
		FBE2830A2515A10800E0EFDF /* Sources */ = {
			isa = PBXSourcesBuildPhase;
			buildActionMask = 2147483647;
			files = (
				FBE283162515A10900E0EFDF /* ViewController.swift in Sources */,
				FBE283272515A80000E0EFDF /* ConfigurationViewController.swift in Sources */,
				FBE2832A2515A93400E0EFDF /* ProfileViewController.swift in Sources */,
				FBE283122515A10900E0EFDF /* AppDelegate.swift in Sources */,
				FBE283142515A10900E0EFDF /* SceneDelegate.swift in Sources */,
			);
			runOnlyForDeploymentPostprocessing = 0;
		};
/* End PBXSourcesBuildPhase section */

/* Begin PBXVariantGroup section */
		FBE283172515A10900E0EFDF /* Main.storyboard */ = {
			isa = PBXVariantGroup;
			children = (
				FBE283182515A10900E0EFDF /* Base */,
			);
			name = Main.storyboard;
			sourceTree = "<group>";
		};
		FBE2831C2515A10A00E0EFDF /* LaunchScreen.storyboard */ = {
			isa = PBXVariantGroup;
			children = (
				FBE2831D2515A10A00E0EFDF /* Base */,
			);
			name = LaunchScreen.storyboard;
			sourceTree = "<group>";
		};
/* End PBXVariantGroup section */

/* Begin XCBuildConfiguration section */
		FBE283202515A10A00E0EFDF /* Debug */ = {
			isa = XCBuildConfiguration;
			buildSettings = {
				ALWAYS_SEARCH_USER_PATHS = NO;
				CLANG_ANALYZER_NONNULL = YES;
				CLANG_ANALYZER_NUMBER_OBJECT_CONVERSION = YES_AGGRESSIVE;
				CLANG_CXX_LANGUAGE_STANDARD = "gnu++14";
				CLANG_CXX_LIBRARY = "libc++";
				CLANG_ENABLE_MODULES = YES;
				CLANG_ENABLE_OBJC_ARC = YES;
				CLANG_ENABLE_OBJC_WEAK = YES;
				CLANG_WARN_BLOCK_CAPTURE_AUTORELEASING = YES;
				CLANG_WARN_BOOL_CONVERSION = YES;
				CLANG_WARN_COMMA = YES;
				CLANG_WARN_CONSTANT_CONVERSION = YES;
				CLANG_WARN_DEPRECATED_OBJC_IMPLEMENTATIONS = YES;
				CLANG_WARN_DIRECT_OBJC_ISA_USAGE = YES_ERROR;
				CLANG_WARN_DOCUMENTATION_COMMENTS = YES;
				CLANG_WARN_EMPTY_BODY = YES;
				CLANG_WARN_ENUM_CONVERSION = YES;
				CLANG_WARN_INFINITE_RECURSION = YES;
				CLANG_WARN_INT_CONVERSION = YES;
				CLANG_WARN_NON_LITERAL_NULL_CONVERSION = YES;
				CLANG_WARN_OBJC_IMPLICIT_RETAIN_SELF = YES;
				CLANG_WARN_OBJC_LITERAL_CONVERSION = YES;
				CLANG_WARN_OBJC_ROOT_CLASS = YES_ERROR;
				CLANG_WARN_QUOTED_INCLUDE_IN_FRAMEWORK_HEADER = YES;
				CLANG_WARN_RANGE_LOOP_ANALYSIS = YES;
				CLANG_WARN_STRICT_PROTOTYPES = YES;
				CLANG_WARN_SUSPICIOUS_MOVE = YES;
				CLANG_WARN_UNGUARDED_AVAILABILITY = YES_AGGRESSIVE;
				CLANG_WARN_UNREACHABLE_CODE = YES;
				CLANG_WARN__DUPLICATE_METHOD_MATCH = YES;
				COPY_PHASE_STRIP = NO;
				DEBUG_INFORMATION_FORMAT = dwarf;
				ENABLE_STRICT_OBJC_MSGSEND = YES;
				ENABLE_TESTABILITY = YES;
				GCC_C_LANGUAGE_STANDARD = gnu11;
				GCC_DYNAMIC_NO_PIC = NO;
				GCC_NO_COMMON_BLOCKS = YES;
				GCC_OPTIMIZATION_LEVEL = 0;
				GCC_PREPROCESSOR_DEFINITIONS = (
					"DEBUG=1",
					"$(inherited)",
				);
				GCC_WARN_64_TO_32_BIT_CONVERSION = YES;
				GCC_WARN_ABOUT_RETURN_TYPE = YES_ERROR;
				GCC_WARN_UNDECLARED_SELECTOR = YES;
				GCC_WARN_UNINITIALIZED_AUTOS = YES_AGGRESSIVE;
				GCC_WARN_UNUSED_FUNCTION = YES;
				GCC_WARN_UNUSED_VARIABLE = YES;
				IPHONEOS_DEPLOYMENT_TARGET = 14.0;
				MTL_ENABLE_DEBUG_INFO = INCLUDE_SOURCE;
				MTL_FAST_MATH = YES;
				ONLY_ACTIVE_ARCH = YES;
				SDKROOT = iphoneos;
				SWIFT_ACTIVE_COMPILATION_CONDITIONS = DEBUG;
				SWIFT_OPTIMIZATION_LEVEL = "-Onone";
			};
			name = Debug;
		};
		FBE283212515A10A00E0EFDF /* Release */ = {
			isa = XCBuildConfiguration;
			buildSettings = {
				ALWAYS_SEARCH_USER_PATHS = NO;
				CLANG_ANALYZER_NONNULL = YES;
				CLANG_ANALYZER_NUMBER_OBJECT_CONVERSION = YES_AGGRESSIVE;
				CLANG_CXX_LANGUAGE_STANDARD = "gnu++14";
				CLANG_CXX_LIBRARY = "libc++";
				CLANG_ENABLE_MODULES = YES;
				CLANG_ENABLE_OBJC_ARC = YES;
				CLANG_ENABLE_OBJC_WEAK = YES;
				CLANG_WARN_BLOCK_CAPTURE_AUTORELEASING = YES;
				CLANG_WARN_BOOL_CONVERSION = YES;
				CLANG_WARN_COMMA = YES;
				CLANG_WARN_CONSTANT_CONVERSION = YES;
				CLANG_WARN_DEPRECATED_OBJC_IMPLEMENTATIONS = YES;
				CLANG_WARN_DIRECT_OBJC_ISA_USAGE = YES_ERROR;
				CLANG_WARN_DOCUMENTATION_COMMENTS = YES;
				CLANG_WARN_EMPTY_BODY = YES;
				CLANG_WARN_ENUM_CONVERSION = YES;
				CLANG_WARN_INFINITE_RECURSION = YES;
				CLANG_WARN_INT_CONVERSION = YES;
				CLANG_WARN_NON_LITERAL_NULL_CONVERSION = YES;
				CLANG_WARN_OBJC_IMPLICIT_RETAIN_SELF = YES;
				CLANG_WARN_OBJC_LITERAL_CONVERSION = YES;
				CLANG_WARN_OBJC_ROOT_CLASS = YES_ERROR;
				CLANG_WARN_QUOTED_INCLUDE_IN_FRAMEWORK_HEADER = YES;
				CLANG_WARN_RANGE_LOOP_ANALYSIS = YES;
				CLANG_WARN_STRICT_PROTOTYPES = YES;
				CLANG_WARN_SUSPICIOUS_MOVE = YES;
				CLANG_WARN_UNGUARDED_AVAILABILITY = YES_AGGRESSIVE;
				CLANG_WARN_UNREACHABLE_CODE = YES;
				CLANG_WARN__DUPLICATE_METHOD_MATCH = YES;
				COPY_PHASE_STRIP = NO;
				DEBUG_INFORMATION_FORMAT = "dwarf-with-dsym";
				ENABLE_NS_ASSERTIONS = NO;
				ENABLE_STRICT_OBJC_MSGSEND = YES;
				GCC_C_LANGUAGE_STANDARD = gnu11;
				GCC_NO_COMMON_BLOCKS = YES;
				GCC_WARN_64_TO_32_BIT_CONVERSION = YES;
				GCC_WARN_ABOUT_RETURN_TYPE = YES_ERROR;
				GCC_WARN_UNDECLARED_SELECTOR = YES;
				GCC_WARN_UNINITIALIZED_AUTOS = YES_AGGRESSIVE;
				GCC_WARN_UNUSED_FUNCTION = YES;
				GCC_WARN_UNUSED_VARIABLE = YES;
				IPHONEOS_DEPLOYMENT_TARGET = 14.0;
				MTL_ENABLE_DEBUG_INFO = NO;
				MTL_FAST_MATH = YES;
				SDKROOT = iphoneos;
				SWIFT_COMPILATION_MODE = wholemodule;
				SWIFT_OPTIMIZATION_LEVEL = "-O";
				VALIDATE_PRODUCT = YES;
			};
			name = Release;
		};
		FBE283232515A10A00E0EFDF /* Debug */ = {
			isa = XCBuildConfiguration;
			buildSettings = {
				ASSETCATALOG_COMPILER_APPICON_NAME = AppIcon;
				ASSETCATALOG_COMPILER_GLOBAL_ACCENT_COLOR_NAME = AccentColor;
				CODE_SIGN_STYLE = Automatic;
				INFOPLIST_FILE = DemoNavegation/Info.plist;
				LD_RUNPATH_SEARCH_PATHS = (
					"$(inherited)",
					"@executable_path/Frameworks",
				);
				PRODUCT_BUNDLE_IDENTIFIER = com.solera.DemoNavegation;
				PRODUCT_NAME = "$(TARGET_NAME)";
				SWIFT_VERSION = 5.0;
				TARGETED_DEVICE_FAMILY = "1,2";
			};
			name = Debug;
		};
		FBE283242515A10A00E0EFDF /* Release */ = {
			isa = XCBuildConfiguration;
			buildSettings = {
				ASSETCATALOG_COMPILER_APPICON_NAME = AppIcon;
				ASSETCATALOG_COMPILER_GLOBAL_ACCENT_COLOR_NAME = AccentColor;
				CODE_SIGN_STYLE = Automatic;
				INFOPLIST_FILE = DemoNavegation/Info.plist;
				LD_RUNPATH_SEARCH_PATHS = (
					"$(inherited)",
					"@executable_path/Frameworks",
				);
				PRODUCT_BUNDLE_IDENTIFIER = com.solera.DemoNavegation;
				PRODUCT_NAME = "$(TARGET_NAME)";
				SWIFT_VERSION = 5.0;
				TARGETED_DEVICE_FAMILY = "1,2";
			};
			name = Release;
		};
/* End XCBuildConfiguration section */

/* Begin XCConfigurationList section */
		FBE283092515A10800E0EFDF /* Build configuration list for PBXProject "DemoNavegation" */ = {
			isa = XCConfigurationList;
			buildConfigurations = (
				FBE283202515A10A00E0EFDF /* Debug */,
				FBE283212515A10A00E0EFDF /* Release */,
			);
			defaultConfigurationIsVisible = 0;
			defaultConfigurationName = Release;
		};
		FBE283222515A10A00E0EFDF /* Build configuration list for PBXNativeTarget "DemoNavegation" */ = {
			isa = XCConfigurationList;
			buildConfigurations = (
				FBE283232515A10A00E0EFDF /* Debug */,
				FBE283242515A10A00E0EFDF /* Release */,
			);
			defaultConfigurationIsVisible = 0;
			defaultConfigurationName = Release;
		};
/* End XCConfigurationList section */
	};
	rootObject = FBE283062515A10800E0EFDF /* Project object */;
}
