// !$*UTF8*$!
{
	archiveVersion = 1;
	classes = {
	};
	objectVersion = 50;
	objects = {

/* Begin PBXBuildFile section */
		FBE5A7C2251ED6C900649250 /* AppDelegate.swift in Sources */ = {isa = PBXBuildFile; fileRef = FBE5A7C1251ED6C900649250 /* AppDelegate.swift */; };
		FBE5A7C4251ED6C900649250 /* SceneDelegate.swift in Sources */ = {isa = PBXBuildFile; fileRef = FBE5A7C3251ED6C900649250 /* SceneDelegate.swift */; };
		FBE5A7C9251ED6C900649250 /* Main.storyboard in Resources */ = {isa = PBXBuildFile; fileRef = FBE5A7C7251ED6C900649250 /* Main.storyboard */; };
		FBE5A7CB251ED6CA00649250 /* Assets.xcassets in Resources */ = {isa = PBXBuildFile; fileRef = FBE5A7CA251ED6CA00649250 /* Assets.xcassets */; };
		FBE5A7CE251ED6CA00649250 /* LaunchScreen.storyboard in Resources */ = {isa = PBXBuildFile; fileRef = FBE5A7CC251ED6CA00649250 /* LaunchScreen.storyboard */; };
		FBE5A7D6251ED76E00649250 /* ContentBoxViewController.swift in Sources */ = {isa = PBXBuildFile; fileRef = FBE5A7D5251ED76E00649250 /* ContentBoxViewController.swift */; };
		FBE5A7D8251EDAA300649250 /* ProfileViewController.swift in Sources */ = {isa = PBXBuildFile; fileRef = FBE5A7D7251EDAA300649250 /* ProfileViewController.swift */; };
/* End PBXBuildFile section */

/* Begin PBXFileReference section */
		FBE5A7BE251ED6C900649250 /* AnimacionConstraints.app */ = {isa = PBXFileReference; explicitFileType = wrapper.application; includeInIndex = 0; path = AnimacionConstraints.app; sourceTree = BUILT_PRODUCTS_DIR; };
		FBE5A7C1251ED6C900649250 /* AppDelegate.swift */ = {isa = PBXFileReference; lastKnownFileType = sourcecode.swift; path = AppDelegate.swift; sourceTree = "<group>"; };
		FBE5A7C3251ED6C900649250 /* SceneDelegate.swift */ = {isa = PBXFileReference; lastKnownFileType = sourcecode.swift; path = SceneDelegate.swift; sourceTree = "<group>"; };
		FBE5A7C8251ED6C900649250 /* Base */ = {isa = PBXFileReference; lastKnownFileType = file.storyboard; name = Base; path = Base.lproj/Main.storyboard; sourceTree = "<group>"; };
		FBE5A7CA251ED6CA00649250 /* Assets.xcassets */ = {isa = PBXFileReference; lastKnownFileType = folder.assetcatalog; path = Assets.xcassets; sourceTree = "<group>"; };
		FBE5A7CD251ED6CA00649250 /* Base */ = {isa = PBXFileReference; lastKnownFileType = file.storyboard; name = Base; path = Base.lproj/LaunchScreen.storyboard; sourceTree = "<group>"; };
		FBE5A7CF251ED6CA00649250 /* Info.plist */ = {isa = PBXFileReference; lastKnownFileType = text.plist.xml; path = Info.plist; sourceTree = "<group>"; };
		FBE5A7D5251ED76E00649250 /* ContentBoxViewController.swift */ = {isa = PBXFileReference; lastKnownFileType = sourcecode.swift; path = ContentBoxViewController.swift; sourceTree = "<group>"; };
		FBE5A7D7251EDAA300649250 /* ProfileViewController.swift */ = {isa = PBXFileReference; lastKnownFileType = sourcecode.swift; path = ProfileViewController.swift; sourceTree = "<group>"; };
/* End PBXFileReference section */

/* Begin PBXFrameworksBuildPhase section */
		FBE5A7BB251ED6C900649250 /* Frameworks */ = {
			isa = PBXFrameworksBuildPhase;
			buildActionMask = 2147483647;
			files = (
			);
			runOnlyForDeploymentPostprocessing = 0;
		};
/* End PBXFrameworksBuildPhase section */

/* Begin PBXGroup section */
		FBE5A7B5251ED6C900649250 = {
			isa = PBXGroup;
			children = (
				FBE5A7C0251ED6C900649250 /* AnimacionConstraints */,
				FBE5A7BF251ED6C900649250 /* Products */,
			);
			sourceTree = "<group>";
		};
		FBE5A7BF251ED6C900649250 /* Products */ = {
			isa = PBXGroup;
			children = (
				FBE5A7BE251ED6C900649250 /* AnimacionConstraints.app */,
			);
			name = Products;
			sourceTree = "<group>";
		};
		FBE5A7C0251ED6C900649250 /* AnimacionConstraints */ = {
			isa = PBXGroup;
			children = (
				FBE5A7C1251ED6C900649250 /* AppDelegate.swift */,
				FBE5A7C3251ED6C900649250 /* SceneDelegate.swift */,
				FBE5A7C7251ED6C900649250 /* Main.storyboard */,
				FBE5A7CA251ED6CA00649250 /* Assets.xcassets */,
				FBE5A7CC251ED6CA00649250 /* LaunchScreen.storyboard */,
				FBE5A7CF251ED6CA00649250 /* Info.plist */,
				FBE5A7D5251ED76E00649250 /* ContentBoxViewController.swift */,
				FBE5A7D7251EDAA300649250 /* ProfileViewController.swift */,
			);
			path = AnimacionConstraints;
			sourceTree = "<group>";
		};
/* End PBXGroup section */

/* Begin PBXNativeTarget section */
		FBE5A7BD251ED6C900649250 /* AnimacionConstraints */ = {
			isa = PBXNativeTarget;
			buildConfigurationList = FBE5A7D2251ED6CA00649250 /* Build configuration list for PBXNativeTarget "AnimacionConstraints" */;
			buildPhases = (
				FBE5A7BA251ED6C900649250 /* Sources */,
				FBE5A7BB251ED6C900649250 /* Frameworks */,
				FBE5A7BC251ED6C900649250 /* Resources */,
			);
			buildRules = (
			);
			dependencies = (
			);
			name = AnimacionConstraints;
			productName = AnimacionConstraints;
			productReference = FBE5A7BE251ED6C900649250 /* AnimacionConstraints.app */;
			productType = "com.apple.product-type.application";
		};
/* End PBXNativeTarget section */

/* Begin PBXProject section */
		FBE5A7B6251ED6C900649250 /* Project object */ = {
			isa = PBXProject;
			attributes = {
				LastSwiftUpdateCheck = 1170;
				LastUpgradeCheck = 1170;
				ORGANIZATIONNAME = "Kenyi Rodriguez";
				TargetAttributes = {
					FBE5A7BD251ED6C900649250 = {
						CreatedOnToolsVersion = 11.7;
					};
				};
			};
			buildConfigurationList = FBE5A7B9251ED6C900649250 /* Build configuration list for PBXProject "AnimacionConstraints" */;
			compatibilityVersion = "Xcode 9.3";
			developmentRegion = en;
			hasScannedForEncodings = 0;
			knownRegions = (
				en,
				Base,
			);
			mainGroup = FBE5A7B5251ED6C900649250;
			productRefGroup = FBE5A7BF251ED6C900649250 /* Products */;
			projectDirPath = "";
			projectRoot = "";
			targets = (
				FBE5A7BD251ED6C900649250 /* AnimacionConstraints */,
			);
		};
/* End PBXProject section */

/* Begin PBXResourcesBuildPhase section */
		FBE5A7BC251ED6C900649250 /* Resources */ = {
			isa = PBXResourcesBuildPhase;
			buildActionMask = 2147483647;
			files = (
				FBE5A7CE251ED6CA00649250 /* LaunchScreen.storyboard in Resources */,
				FBE5A7CB251ED6CA00649250 /* Assets.xcassets in Resources */,
				FBE5A7C9251ED6C900649250 /* Main.storyboard in Resources */,
			);
			runOnlyForDeploymentPostprocessing = 0;
		};
/* End PBXResourcesBuildPhase section */

/* Begin PBXSourcesBuildPhase section */
		FBE5A7BA251ED6C900649250 /* Sources */ = {
			isa = PBXSourcesBuildPhase;
			buildActionMask = 2147483647;
			files = (
				FBE5A7C2251ED6C900649250 /* AppDelegate.swift in Sources */,
				FBE5A7D6251ED76E00649250 /* ContentBoxViewController.swift in Sources */,
				FBE5A7D8251EDAA300649250 /* ProfileViewController.swift in Sources */,
				FBE5A7C4251ED6C900649250 /* SceneDelegate.swift in Sources */,
			);
			runOnlyForDeploymentPostprocessing = 0;
		};
/* End PBXSourcesBuildPhase section */

/* Begin PBXVariantGroup section */
		FBE5A7C7251ED6C900649250 /* Main.storyboard */ = {
			isa = PBXVariantGroup;
			children = (
				FBE5A7C8251ED6C900649250 /* Base */,
			);
			name = Main.storyboard;
			sourceTree = "<group>";
		};
		FBE5A7CC251ED6CA00649250 /* LaunchScreen.storyboard */ = {
			isa = PBXVariantGroup;
			children = (
				FBE5A7CD251ED6CA00649250 /* Base */,
			);
			name = LaunchScreen.storyboard;
			sourceTree = "<group>";
		};
/* End PBXVariantGroup section */

/* Begin XCBuildConfiguration section */
		FBE5A7D0251ED6CA00649250 /* Debug */ = {
			isa = XCBuildConfiguration;
			buildSettings = {
				ALWAYS_SEARCH_USER_PATHS = NO;
				CLANG_ANALYZER_NONNULL = YES;
				CLANG_ANALYZER_NUMBER_OBJECT_CONVERSION = YES_AGGRESSIVE;
				CLANG_CXX_LANGUAGE_STANDARD = "gnu++14";
				CLANG_CXX_LIBRARY = "libc++";
				CLANG_ENABLE_MODULES = YES;
				CLANG_ENABLE_OBJC_ARC = YES;
				CLANG_ENABLE_OBJC_WEAK = YES;
				CLANG_WARN_BLOCK_CAPTURE_AUTORELEASING = YES;
				CLANG_WARN_BOOL_CONVERSION = YES;
				CLANG_WARN_COMMA = YES;
				CLANG_WARN_CONSTANT_CONVERSION = YES;
				CLANG_WARN_DEPRECATED_OBJC_IMPLEMENTATIONS = YES;
				CLANG_WARN_DIRECT_OBJC_ISA_USAGE = YES_ERROR;
				CLANG_WARN_DOCUMENTATION_COMMENTS = YES;
				CLANG_WARN_EMPTY_BODY = YES;
				CLANG_WARN_ENUM_CONVERSION = YES;
				CLANG_WARN_INFINITE_RECURSION = YES;
				CLANG_WARN_INT_CONVERSION = YES;
				CLANG_WARN_NON_LITERAL_NULL_CONVERSION = YES;
				CLANG_WARN_OBJC_IMPLICIT_RETAIN_SELF = YES;
				CLANG_WARN_OBJC_LITERAL_CONVERSION = YES;
				CLANG_WARN_OBJC_ROOT_CLASS = YES_ERROR;
				CLANG_WARN_RANGE_LOOP_ANALYSIS = YES;
				CLANG_WARN_STRICT_PROTOTYPES = YES;
				CLANG_WARN_SUSPICIOUS_MOVE = YES;
				CLANG_WARN_UNGUARDED_AVAILABILITY = YES_AGGRESSIVE;
				CLANG_WARN_UNREACHABLE_CODE = YES;
				CLANG_WARN__DUPLICATE_METHOD_MATCH = YES;
				COPY_PHASE_STRIP = NO;
				DEBUG_INFORMATION_FORMAT = dwarf;
				ENABLE_STRICT_OBJC_MSGSEND = YES;
				ENABLE_TESTABILITY = YES;
				GCC_C_LANGUAGE_STANDARD = gnu11;
				GCC_DYNAMIC_NO_PIC = NO;
				GCC_NO_COMMON_BLOCKS = YES;
				GCC_OPTIMIZATION_LEVEL = 0;
				GCC_PREPROCESSOR_DEFINITIONS = (
					"DEBUG=1",
					"$(inherited)",
				);
				GCC_WARN_64_TO_32_BIT_CONVERSION = YES;
				GCC_WARN_ABOUT_RETURN_TYPE = YES_ERROR;
				GCC_WARN_UNDECLARED_SELECTOR = YES;
				GCC_WARN_UNINITIALIZED_AUTOS = YES_AGGRESSIVE;
				GCC_WARN_UNUSED_FUNCTION = YES;
				GCC_WARN_UNUSED_VARIABLE = YES;
				IPHONEOS_DEPLOYMENT_TARGET = 13.7;
				MTL_ENABLE_DEBUG_INFO = INCLUDE_SOURCE;
				MTL_FAST_MATH = YES;
				ONLY_ACTIVE_ARCH = YES;
				SDKROOT = iphoneos;
				SWIFT_ACTIVE_COMPILATION_CONDITIONS = DEBUG;
				SWIFT_OPTIMIZATION_LEVEL = "-Onone";
			};
			name = Debug;
		};
		FBE5A7D1251ED6CA00649250 /* Release */ = {
			isa = XCBuildConfiguration;
			buildSettings = {
				ALWAYS_SEARCH_USER_PATHS = NO;
				CLANG_ANALYZER_NONNULL = YES;
				CLANG_ANALYZER_NUMBER_OBJECT_CONVERSION = YES_AGGRESSIVE;
				CLANG_CXX_LANGUAGE_STANDARD = "gnu++14";
				CLANG_CXX_LIBRARY = "libc++";
				CLANG_ENABLE_MODULES = YES;
				CLANG_ENABLE_OBJC_ARC = YES;
				CLANG_ENABLE_OBJC_WEAK = YES;
				CLANG_WARN_BLOCK_CAPTURE_AUTORELEASING = YES;
				CLANG_WARN_BOOL_CONVERSION = YES;
				CLANG_WARN_COMMA = YES;
				CLANG_WARN_CONSTANT_CONVERSION = YES;
				CLANG_WARN_DEPRECATED_OBJC_IMPLEMENTATIONS = YES;
				CLANG_WARN_DIRECT_OBJC_ISA_USAGE = YES_ERROR;
				CLANG_WARN_DOCUMENTATION_COMMENTS = YES;
				CLANG_WARN_EMPTY_BODY = YES;
				CLANG_WARN_ENUM_CONVERSION = YES;
				CLANG_WARN_INFINITE_RECURSION = YES;
				CLANG_WARN_INT_CONVERSION = YES;
				CLANG_WARN_NON_LITERAL_NULL_CONVERSION = YES;
				CLANG_WARN_OBJC_IMPLICIT_RETAIN_SELF = YES;
				CLANG_WARN_OBJC_LITERAL_CONVERSION = YES;
				CLANG_WARN_OBJC_ROOT_CLASS = YES_ERROR;
				CLANG_WARN_RANGE_LOOP_ANALYSIS = YES;
				CLANG_WARN_STRICT_PROTOTYPES = YES;
				CLANG_WARN_SUSPICIOUS_MOVE = YES;
				CLANG_WARN_UNGUARDED_AVAILABILITY = YES_AGGRESSIVE;
				CLANG_WARN_UNREACHABLE_CODE = YES;
				CLANG_WARN__DUPLICATE_METHOD_MATCH = YES;
				COPY_PHASE_STRIP = NO;
				DEBUG_INFORMATION_FORMAT = "dwarf-with-dsym";
				ENABLE_NS_ASSERTIONS = NO;
				ENABLE_STRICT_OBJC_MSGSEND = YES;
				GCC_C_LANGUAGE_STANDARD = gnu11;
				GCC_NO_COMMON_BLOCKS = YES;
				GCC_WARN_64_TO_32_BIT_CONVERSION = YES;
				GCC_WARN_ABOUT_RETURN_TYPE = YES_ERROR;
				GCC_WARN_UNDECLARED_SELECTOR = YES;
				GCC_WARN_UNINITIALIZED_AUTOS = YES_AGGRESSIVE;
				GCC_WARN_UNUSED_FUNCTION = YES;
				GCC_WARN_UNUSED_VARIABLE = YES;
				IPHONEOS_DEPLOYMENT_TARGET = 13.7;
				MTL_ENABLE_DEBUG_INFO = NO;
				MTL_FAST_MATH = YES;
				SDKROOT = iphoneos;
				SWIFT_COMPILATION_MODE = wholemodule;
				SWIFT_OPTIMIZATION_LEVEL = "-O";
				VALIDATE_PRODUCT = YES;
			};
			name = Release;
		};
		FBE5A7D3251ED6CA00649250 /* Debug */ = {
			isa = XCBuildConfiguration;
			buildSettings = {
				ASSETCATALOG_COMPILER_APPICON_NAME = AppIcon;
				CODE_SIGN_STYLE = Automatic;
				INFOPLIST_FILE = AnimacionConstraints/Info.plist;
				LD_RUNPATH_SEARCH_PATHS = (
					"$(inherited)",
					"@executable_path/Frameworks",
				);
				PRODUCT_BUNDLE_IDENTIFIER = com.solera.AnimacionConstraints;
				PRODUCT_NAME = "$(TARGET_NAME)";
				SWIFT_VERSION = 5.0;
				TARGETED_DEVICE_FAMILY = "1,2";
			};
			name = Debug;
		};
		FBE5A7D4251ED6CA00649250 /* Release */ = {
			isa = XCBuildConfiguration;
			buildSettings = {
				ASSETCATALOG_COMPILER_APPICON_NAME = AppIcon;
				CODE_SIGN_STYLE = Automatic;
				INFOPLIST_FILE = AnimacionConstraints/Info.plist;
				LD_RUNPATH_SEARCH_PATHS = (
					"$(inherited)",
					"@executable_path/Frameworks",
				);
				PRODUCT_BUNDLE_IDENTIFIER = com.solera.AnimacionConstraints;
				PRODUCT_NAME = "$(TARGET_NAME)";
				SWIFT_VERSION = 5.0;
				TARGETED_DEVICE_FAMILY = "1,2";
			};
			name = Release;
		};
/* End XCBuildConfiguration section */

/* Begin XCConfigurationList section */
		FBE5A7B9251ED6C900649250 /* Build configuration list for PBXProject "AnimacionConstraints" */ = {
			isa = XCConfigurationList;
			buildConfigurations = (
				FBE5A7D0251ED6CA00649250 /* Debug */,
				FBE5A7D1251ED6CA00649250 /* Release */,
			);
			defaultConfigurationIsVisible = 0;
			defaultConfigurationName = Release;
		};
		FBE5A7D2251ED6CA00649250 /* Build configuration list for PBXNativeTarget "AnimacionConstraints" */ = {
			isa = XCConfigurationList;
			buildConfigurations = (
				FBE5A7D3251ED6CA00649250 /* Debug */,
				FBE5A7D4251ED6CA00649250 /* Release */,
			);
			defaultConfigurationIsVisible = 0;
			defaultConfigurationName = Release;
		};
/* End XCConfigurationList section */
	};
	rootObject = FBE5A7B6251ED6C900649250 /* Project object */;
}
