// !$*UTF8*$!
{
	archiveVersion = 1;
	classes = {
	};
	objectVersion = 50;
	objects = {

/* Begin PBXBuildFile section */
		FBC81EA6257B19B300D30D2E /* AppDelegate.swift in Sources */ = {isa = PBXBuildFile; fileRef = FBC81EA5257B19B300D30D2E /* AppDelegate.swift */; };
		FBC81EA8257B19B300D30D2E /* SceneDelegate.swift in Sources */ = {isa = PBXBuildFile; fileRef = FBC81EA7257B19B300D30D2E /* SceneDelegate.swift */; };
		FBC81EAF257B19B400D30D2E /* Assets.xcassets in Resources */ = {isa = PBXBuildFile; fileRef = FBC81EAE257B19B400D30D2E /* Assets.xcassets */; };
		FBC81EB2257B19B400D30D2E /* LaunchScreen.storyboard in Resources */ = {isa = PBXBuildFile; fileRef = FBC81EB0257B19B400D30D2E /* LaunchScreen.storyboard */; };
		FBC81EBA257B19D200D30D2E /* Login.storyboard in Resources */ = {isa = PBXBuildFile; fileRef = FBC81EB9257B19D200D30D2E /* Login.storyboard */; };
		FBC81EBC257B19DF00D30D2E /* LoginViewController.swift in Sources */ = {isa = PBXBuildFile; fileRef = FBC81EBB257B19DF00D30D2E /* LoginViewController.swift */; };
		FBC81EBE257B19EA00D30D2E /* LoginPresenter.swift in Sources */ = {isa = PBXBuildFile; fileRef = FBC81EBD257B19EA00D30D2E /* LoginPresenter.swift */; };
		FBC81EC0257B19F500D30D2E /* LoginModel.swift in Sources */ = {isa = PBXBuildFile; fileRef = FBC81EBF257B19F500D30D2E /* LoginModel.swift */; };
/* End PBXBuildFile section */

/* Begin PBXFileReference section */
		FBC81EA2257B19B300D30D2E /* mvp.app */ = {isa = PBXFileReference; explicitFileType = wrapper.application; includeInIndex = 0; path = mvp.app; sourceTree = BUILT_PRODUCTS_DIR; };
		FBC81EA5257B19B300D30D2E /* AppDelegate.swift */ = {isa = PBXFileReference; lastKnownFileType = sourcecode.swift; path = AppDelegate.swift; sourceTree = "<group>"; };
		FBC81EA7257B19B300D30D2E /* SceneDelegate.swift */ = {isa = PBXFileReference; lastKnownFileType = sourcecode.swift; path = SceneDelegate.swift; sourceTree = "<group>"; };
		FBC81EAE257B19B400D30D2E /* Assets.xcassets */ = {isa = PBXFileReference; lastKnownFileType = folder.assetcatalog; path = Assets.xcassets; sourceTree = "<group>"; };
		FBC81EB1257B19B400D30D2E /* Base */ = {isa = PBXFileReference; lastKnownFileType = file.storyboard; name = Base; path = Base.lproj/LaunchScreen.storyboard; sourceTree = "<group>"; };
		FBC81EB3257B19B400D30D2E /* Info.plist */ = {isa = PBXFileReference; lastKnownFileType = text.plist.xml; path = Info.plist; sourceTree = "<group>"; };
		FBC81EB9257B19D200D30D2E /* Login.storyboard */ = {isa = PBXFileReference; lastKnownFileType = file.storyboard; path = Login.storyboard; sourceTree = "<group>"; };
		FBC81EBB257B19DF00D30D2E /* LoginViewController.swift */ = {isa = PBXFileReference; lastKnownFileType = sourcecode.swift; path = LoginViewController.swift; sourceTree = "<group>"; };
		FBC81EBD257B19EA00D30D2E /* LoginPresenter.swift */ = {isa = PBXFileReference; lastKnownFileType = sourcecode.swift; path = LoginPresenter.swift; sourceTree = "<group>"; };
		FBC81EBF257B19F500D30D2E /* LoginModel.swift */ = {isa = PBXFileReference; lastKnownFileType = sourcecode.swift; path = LoginModel.swift; sourceTree = "<group>"; };
/* End PBXFileReference section */

/* Begin PBXFrameworksBuildPhase section */
		FBC81E9F257B19B300D30D2E /* Frameworks */ = {
			isa = PBXFrameworksBuildPhase;
			buildActionMask = 2147483647;
			files = (
			);
			runOnlyForDeploymentPostprocessing = 0;
		};
/* End PBXFrameworksBuildPhase section */

/* Begin PBXGroup section */
		FBC81E99257B19B300D30D2E = {
			isa = PBXGroup;
			children = (
				FBC81EA4257B19B300D30D2E /* mvp */,
				FBC81EA3257B19B300D30D2E /* Products */,
			);
			sourceTree = "<group>";
		};
		FBC81EA3257B19B300D30D2E /* Products */ = {
			isa = PBXGroup;
			children = (
				FBC81EA2257B19B300D30D2E /* mvp.app */,
			);
			name = Products;
			sourceTree = "<group>";
		};
		FBC81EA4257B19B300D30D2E /* mvp */ = {
			isa = PBXGroup;
			children = (
				FBC81EA5257B19B300D30D2E /* AppDelegate.swift */,
				FBC81EA7257B19B300D30D2E /* SceneDelegate.swift */,
				FBC81EAE257B19B400D30D2E /* Assets.xcassets */,
				FBC81EB0257B19B400D30D2E /* LaunchScreen.storyboard */,
				FBC81EB3257B19B400D30D2E /* Info.plist */,
				FBC81EB9257B19D200D30D2E /* Login.storyboard */,
				FBC81EBB257B19DF00D30D2E /* LoginViewController.swift */,
				FBC81EBD257B19EA00D30D2E /* LoginPresenter.swift */,
				FBC81EBF257B19F500D30D2E /* LoginModel.swift */,
			);
			path = mvp;
			sourceTree = "<group>";
		};
/* End PBXGroup section */

/* Begin PBXNativeTarget section */
		FBC81EA1257B19B300D30D2E /* mvp */ = {
			isa = PBXNativeTarget;
			buildConfigurationList = FBC81EB6257B19B400D30D2E /* Build configuration list for PBXNativeTarget "mvp" */;
			buildPhases = (
				FBC81E9E257B19B300D30D2E /* Sources */,
				FBC81E9F257B19B300D30D2E /* Frameworks */,
				FBC81EA0257B19B300D30D2E /* Resources */,
			);
			buildRules = (
			);
			dependencies = (
			);
			name = mvp;
			productName = mvp;
			productReference = FBC81EA2257B19B300D30D2E /* mvp.app */;
			productType = "com.apple.product-type.application";
		};
/* End PBXNativeTarget section */

/* Begin PBXProject section */
		FBC81E9A257B19B300D30D2E /* Project object */ = {
			isa = PBXProject;
			attributes = {
				LastSwiftUpdateCheck = 1170;
				LastUpgradeCheck = 1170;
				ORGANIZATIONNAME = "Kenyi Rodriguez";
				TargetAttributes = {
					FBC81EA1257B19B300D30D2E = {
						CreatedOnToolsVersion = 11.7;
					};
				};
			};
			buildConfigurationList = FBC81E9D257B19B300D30D2E /* Build configuration list for PBXProject "mvp" */;
			compatibilityVersion = "Xcode 9.3";
			developmentRegion = en;
			hasScannedForEncodings = 0;
			knownRegions = (
				en,
				Base,
			);
			mainGroup = FBC81E99257B19B300D30D2E;
			productRefGroup = FBC81EA3257B19B300D30D2E /* Products */;
			projectDirPath = "";
			projectRoot = "";
			targets = (
				FBC81EA1257B19B300D30D2E /* mvp */,
			);
		};
/* End PBXProject section */

/* Begin PBXResourcesBuildPhase section */
		FBC81EA0257B19B300D30D2E /* Resources */ = {
			isa = PBXResourcesBuildPhase;
			buildActionMask = 2147483647;
			files = (
				FBC81EB2257B19B400D30D2E /* LaunchScreen.storyboard in Resources */,
				FBC81EAF257B19B400D30D2E /* Assets.xcassets in Resources */,
				FBC81EBA257B19D200D30D2E /* Login.storyboard in Resources */,
			);
			runOnlyForDeploymentPostprocessing = 0;
		};
/* End PBXResourcesBuildPhase section */

/* Begin PBXSourcesBuildPhase section */
		FBC81E9E257B19B300D30D2E /* Sources */ = {
			isa = PBXSourcesBuildPhase;
			buildActionMask = 2147483647;
			files = (
				FBC81EC0257B19F500D30D2E /* LoginModel.swift in Sources */,
				FBC81EBE257B19EA00D30D2E /* LoginPresenter.swift in Sources */,
				FBC81EBC257B19DF00D30D2E /* LoginViewController.swift in Sources */,
				FBC81EA6257B19B300D30D2E /* AppDelegate.swift in Sources */,
				FBC81EA8257B19B300D30D2E /* SceneDelegate.swift in Sources */,
			);
			runOnlyForDeploymentPostprocessing = 0;
		};
/* End PBXSourcesBuildPhase section */

/* Begin PBXVariantGroup section */
		FBC81EB0257B19B400D30D2E /* LaunchScreen.storyboard */ = {
			isa = PBXVariantGroup;
			children = (
				FBC81EB1257B19B400D30D2E /* Base */,
			);
			name = LaunchScreen.storyboard;
			sourceTree = "<group>";
		};
/* End PBXVariantGroup section */

/* Begin XCBuildConfiguration section */
		FBC81EB4257B19B400D30D2E /* Debug */ = {
			isa = XCBuildConfiguration;
			buildSettings = {
				ALWAYS_SEARCH_USER_PATHS = NO;
				CLANG_ANALYZER_NONNULL = YES;
				CLANG_ANALYZER_NUMBER_OBJECT_CONVERSION = YES_AGGRESSIVE;
				CLANG_CXX_LANGUAGE_STANDARD = "gnu++14";
				CLANG_CXX_LIBRARY = "libc++";
				CLANG_ENABLE_MODULES = YES;
				CLANG_ENABLE_OBJC_ARC = YES;
				CLANG_ENABLE_OBJC_WEAK = YES;
				CLANG_WARN_BLOCK_CAPTURE_AUTORELEASING = YES;
				CLANG_WARN_BOOL_CONVERSION = YES;
				CLANG_WARN_COMMA = YES;
				CLANG_WARN_CONSTANT_CONVERSION = YES;
				CLANG_WARN_DEPRECATED_OBJC_IMPLEMENTATIONS = YES;
				CLANG_WARN_DIRECT_OBJC_ISA_USAGE = YES_ERROR;
				CLANG_WARN_DOCUMENTATION_COMMENTS = YES;
				CLANG_WARN_EMPTY_BODY = YES;
				CLANG_WARN_ENUM_CONVERSION = YES;
				CLANG_WARN_INFINITE_RECURSION = YES;
				CLANG_WARN_INT_CONVERSION = YES;
				CLANG_WARN_NON_LITERAL_NULL_CONVERSION = YES;
				CLANG_WARN_OBJC_IMPLICIT_RETAIN_SELF = YES;
				CLANG_WARN_OBJC_LITERAL_CONVERSION = YES;
				CLANG_WARN_OBJC_ROOT_CLASS = YES_ERROR;
				CLANG_WARN_RANGE_LOOP_ANALYSIS = YES;
				CLANG_WARN_STRICT_PROTOTYPES = YES;
				CLANG_WARN_SUSPICIOUS_MOVE = YES;
				CLANG_WARN_UNGUARDED_AVAILABILITY = YES_AGGRESSIVE;
				CLANG_WARN_UNREACHABLE_CODE = YES;
				CLANG_WARN__DUPLICATE_METHOD_MATCH = YES;
				COPY_PHASE_STRIP = NO;
				DEBUG_INFORMATION_FORMAT = dwarf;
				ENABLE_STRICT_OBJC_MSGSEND = YES;
				ENABLE_TESTABILITY = YES;
				GCC_C_LANGUAGE_STANDARD = gnu11;
				GCC_DYNAMIC_NO_PIC = NO;
				GCC_NO_COMMON_BLOCKS = YES;
				GCC_OPTIMIZATION_LEVEL = 0;
				GCC_PREPROCESSOR_DEFINITIONS = (
					"DEBUG=1",
					"$(inherited)",
				);
				GCC_WARN_64_TO_32_BIT_CONVERSION = YES;
				GCC_WARN_ABOUT_RETURN_TYPE = YES_ERROR;
				GCC_WARN_UNDECLARED_SELECTOR = YES;
				GCC_WARN_UNINITIALIZED_AUTOS = YES_AGGRESSIVE;
				GCC_WARN_UNUSED_FUNCTION = YES;
				GCC_WARN_UNUSED_VARIABLE = YES;
				IPHONEOS_DEPLOYMENT_TARGET = 13.7;
				MTL_ENABLE_DEBUG_INFO = INCLUDE_SOURCE;
				MTL_FAST_MATH = YES;
				ONLY_ACTIVE_ARCH = YES;
				SDKROOT = iphoneos;
				SWIFT_ACTIVE_COMPILATION_CONDITIONS = DEBUG;
				SWIFT_OPTIMIZATION_LEVEL = "-Onone";
			};
			name = Debug;
		};
		FBC81EB5257B19B400D30D2E /* Release */ = {
			isa = XCBuildConfiguration;
			buildSettings = {
				ALWAYS_SEARCH_USER_PATHS = NO;
				CLANG_ANALYZER_NONNULL = YES;
				CLANG_ANALYZER_NUMBER_OBJECT_CONVERSION = YES_AGGRESSIVE;
				CLANG_CXX_LANGUAGE_STANDARD = "gnu++14";
				CLANG_CXX_LIBRARY = "libc++";
				CLANG_ENABLE_MODULES = YES;
				CLANG_ENABLE_OBJC_ARC = YES;
				CLANG_ENABLE_OBJC_WEAK = YES;
				CLANG_WARN_BLOCK_CAPTURE_AUTORELEASING = YES;
				CLANG_WARN_BOOL_CONVERSION = YES;
				CLANG_WARN_COMMA = YES;
				CLANG_WARN_CONSTANT_CONVERSION = YES;
				CLANG_WARN_DEPRECATED_OBJC_IMPLEMENTATIONS = YES;
				CLANG_WARN_DIRECT_OBJC_ISA_USAGE = YES_ERROR;
				CLANG_WARN_DOCUMENTATION_COMMENTS = YES;
				CLANG_WARN_EMPTY_BODY = YES;
				CLANG_WARN_ENUM_CONVERSION = YES;
				CLANG_WARN_INFINITE_RECURSION = YES;
				CLANG_WARN_INT_CONVERSION = YES;
				CLANG_WARN_NON_LITERAL_NULL_CONVERSION = YES;
				CLANG_WARN_OBJC_IMPLICIT_RETAIN_SELF = YES;
				CLANG_WARN_OBJC_LITERAL_CONVERSION = YES;
				CLANG_WARN_OBJC_ROOT_CLASS = YES_ERROR;
				CLANG_WARN_RANGE_LOOP_ANALYSIS = YES;
				CLANG_WARN_STRICT_PROTOTYPES = YES;
				CLANG_WARN_SUSPICIOUS_MOVE = YES;
				CLANG_WARN_UNGUARDED_AVAILABILITY = YES_AGGRESSIVE;
				CLANG_WARN_UNREACHABLE_CODE = YES;
				CLANG_WARN__DUPLICATE_METHOD_MATCH = YES;
				COPY_PHASE_STRIP = NO;
				DEBUG_INFORMATION_FORMAT = "dwarf-with-dsym";
				ENABLE_NS_ASSERTIONS = NO;
				ENABLE_STRICT_OBJC_MSGSEND = YES;
				GCC_C_LANGUAGE_STANDARD = gnu11;
				GCC_NO_COMMON_BLOCKS = YES;
				GCC_WARN_64_TO_32_BIT_CONVERSION = YES;
				GCC_WARN_ABOUT_RETURN_TYPE = YES_ERROR;
				GCC_WARN_UNDECLARED_SELECTOR = YES;
				GCC_WARN_UNINITIALIZED_AUTOS = YES_AGGRESSIVE;
				GCC_WARN_UNUSED_FUNCTION = YES;
				GCC_WARN_UNUSED_VARIABLE = YES;
				IPHONEOS_DEPLOYMENT_TARGET = 13.7;
				MTL_ENABLE_DEBUG_INFO = NO;
				MTL_FAST_MATH = YES;
				SDKROOT = iphoneos;
				SWIFT_COMPILATION_MODE = wholemodule;
				SWIFT_OPTIMIZATION_LEVEL = "-O";
				VALIDATE_PRODUCT = YES;
			};
			name = Release;
		};
		FBC81EB7257B19B400D30D2E /* Debug */ = {
			isa = XCBuildConfiguration;
			buildSettings = {
				ASSETCATALOG_COMPILER_APPICON_NAME = AppIcon;
				CODE_SIGN_STYLE = Automatic;
				INFOPLIST_FILE = mvp/Info.plist;
				LD_RUNPATH_SEARCH_PATHS = (
					"$(inherited)",
					"@executable_path/Frameworks",
				);
				PRODUCT_BUNDLE_IDENTIFIER = com.solera.mvp;
				PRODUCT_NAME = "$(TARGET_NAME)";
				SWIFT_VERSION = 5.0;
				TARGETED_DEVICE_FAMILY = "1,2";
			};
			name = Debug;
		};
		FBC81EB8257B19B400D30D2E /* Release */ = {
			isa = XCBuildConfiguration;
			buildSettings = {
				ASSETCATALOG_COMPILER_APPICON_NAME = AppIcon;
				CODE_SIGN_STYLE = Automatic;
				INFOPLIST_FILE = mvp/Info.plist;
				LD_RUNPATH_SEARCH_PATHS = (
					"$(inherited)",
					"@executable_path/Frameworks",
				);
				PRODUCT_BUNDLE_IDENTIFIER = com.solera.mvp;
				PRODUCT_NAME = "$(TARGET_NAME)";
				SWIFT_VERSION = 5.0;
				TARGETED_DEVICE_FAMILY = "1,2";
			};
			name = Release;
		};
/* End XCBuildConfiguration section */

/* Begin XCConfigurationList section */
		FBC81E9D257B19B300D30D2E /* Build configuration list for PBXProject "mvp" */ = {
			isa = XCConfigurationList;
			buildConfigurations = (
				FBC81EB4257B19B400D30D2E /* Debug */,
				FBC81EB5257B19B400D30D2E /* Release */,
			);
			defaultConfigurationIsVisible = 0;
			defaultConfigurationName = Release;
		};
		FBC81EB6257B19B400D30D2E /* Build configuration list for PBXNativeTarget "mvp" */ = {
			isa = XCConfigurationList;
			buildConfigurations = (
				FBC81EB7257B19B400D30D2E /* Debug */,
				FBC81EB8257B19B400D30D2E /* Release */,
			);
			defaultConfigurationIsVisible = 0;
			defaultConfigurationName = Release;
		};
/* End XCConfigurationList section */
	};
	rootObject = FBC81E9A257B19B300D30D2E /* Project object */;
}
