// !$*UTF8*$!
{
	archiveVersion = 1;
	classes = {
	};
	objectVersion = 50;
	objects = {

/* Begin PBXBuildFile section */
		FB3E1ABC2527FC4D008AE45A /* AppDelegate.swift in Sources */ = {isa = PBXBuildFile; fileRef = FB3E1ABB2527FC4D008AE45A /* AppDelegate.swift */; };
		FB3E1ABE2527FC4D008AE45A /* SceneDelegate.swift in Sources */ = {isa = PBXBuildFile; fileRef = FB3E1ABD2527FC4D008AE45A /* SceneDelegate.swift */; };
		FB3E1AC02527FC4D008AE45A /* ViewController.swift in Sources */ = {isa = PBXBuildFile; fileRef = FB3E1ABF2527FC4D008AE45A /* ViewController.swift */; };
		FB3E1AC32527FC4E008AE45A /* Main.storyboard in Resources */ = {isa = PBXBuildFile; fileRef = FB3E1AC12527FC4E008AE45A /* Main.storyboard */; };
		FB3E1AC52527FC50008AE45A /* Assets.xcassets in Resources */ = {isa = PBXBuildFile; fileRef = FB3E1AC42527FC50008AE45A /* Assets.xcassets */; };
		FB3E1AC82527FC50008AE45A /* LaunchScreen.storyboard in Resources */ = {isa = PBXBuildFile; fileRef = FB3E1AC62527FC50008AE45A /* LaunchScreen.storyboard */; };
/* End PBXBuildFile section */

/* Begin PBXFileReference section */
		FB3E1AB82527FC4D008AE45A /* TecladoEnScroll.app */ = {isa = PBXFileReference; explicitFileType = wrapper.application; includeInIndex = 0; path = TecladoEnScroll.app; sourceTree = BUILT_PRODUCTS_DIR; };
		FB3E1ABB2527FC4D008AE45A /* AppDelegate.swift */ = {isa = PBXFileReference; lastKnownFileType = sourcecode.swift; path = AppDelegate.swift; sourceTree = "<group>"; };
		FB3E1ABD2527FC4D008AE45A /* SceneDelegate.swift */ = {isa = PBXFileReference; lastKnownFileType = sourcecode.swift; path = SceneDelegate.swift; sourceTree = "<group>"; };
		FB3E1ABF2527FC4D008AE45A /* ViewController.swift */ = {isa = PBXFileReference; lastKnownFileType = sourcecode.swift; path = ViewController.swift; sourceTree = "<group>"; };
		FB3E1AC22527FC4E008AE45A /* Base */ = {isa = PBXFileReference; lastKnownFileType = file.storyboard; name = Base; path = Base.lproj/Main.storyboard; sourceTree = "<group>"; };
		FB3E1AC42527FC50008AE45A /* Assets.xcassets */ = {isa = PBXFileReference; lastKnownFileType = folder.assetcatalog; path = Assets.xcassets; sourceTree = "<group>"; };
		FB3E1AC72527FC50008AE45A /* Base */ = {isa = PBXFileReference; lastKnownFileType = file.storyboard; name = Base; path = Base.lproj/LaunchScreen.storyboard; sourceTree = "<group>"; };
		FB3E1AC92527FC50008AE45A /* Info.plist */ = {isa = PBXFileReference; lastKnownFileType = text.plist.xml; path = Info.plist; sourceTree = "<group>"; };
/* End PBXFileReference section */

/* Begin PBXFrameworksBuildPhase section */
		FB3E1AB52527FC4D008AE45A /* Frameworks */ = {
			isa = PBXFrameworksBuildPhase;
			buildActionMask = 2147483647;
			files = (
			);
			runOnlyForDeploymentPostprocessing = 0;
		};
/* End PBXFrameworksBuildPhase section */

/* Begin PBXGroup section */
		FB3E1AAF2527FC4D008AE45A = {
			isa = PBXGroup;
			children = (
				FB3E1ABA2527FC4D008AE45A /* TecladoEnScroll */,
				FB3E1AB92527FC4D008AE45A /* Products */,
			);
			sourceTree = "<group>";
		};
		FB3E1AB92527FC4D008AE45A /* Products */ = {
			isa = PBXGroup;
			children = (
				FB3E1AB82527FC4D008AE45A /* TecladoEnScroll.app */,
			);
			name = Products;
			sourceTree = "<group>";
		};
		FB3E1ABA2527FC4D008AE45A /* TecladoEnScroll */ = {
			isa = PBXGroup;
			children = (
				FB3E1ABB2527FC4D008AE45A /* AppDelegate.swift */,
				FB3E1ABD2527FC4D008AE45A /* SceneDelegate.swift */,
				FB3E1ABF2527FC4D008AE45A /* ViewController.swift */,
				FB3E1AC12527FC4E008AE45A /* Main.storyboard */,
				FB3E1AC42527FC50008AE45A /* Assets.xcassets */,
				FB3E1AC62527FC50008AE45A /* LaunchScreen.storyboard */,
				FB3E1AC92527FC50008AE45A /* Info.plist */,
			);
			path = TecladoEnScroll;
			sourceTree = "<group>";
		};
/* End PBXGroup section */

/* Begin PBXNativeTarget section */
		FB3E1AB72527FC4D008AE45A /* TecladoEnScroll */ = {
			isa = PBXNativeTarget;
			buildConfigurationList = FB3E1ACC2527FC50008AE45A /* Build configuration list for PBXNativeTarget "TecladoEnScroll" */;
			buildPhases = (
				FB3E1AB42527FC4D008AE45A /* Sources */,
				FB3E1AB52527FC4D008AE45A /* Frameworks */,
				FB3E1AB62527FC4D008AE45A /* Resources */,
			);
			buildRules = (
			);
			dependencies = (
			);
			name = TecladoEnScroll;
			productName = TecladoEnScroll;
			productReference = FB3E1AB82527FC4D008AE45A /* TecladoEnScroll.app */;
			productType = "com.apple.product-type.application";
		};
/* End PBXNativeTarget section */

/* Begin PBXProject section */
		FB3E1AB02527FC4D008AE45A /* Project object */ = {
			isa = PBXProject;
			attributes = {
				LastSwiftUpdateCheck = 1170;
				LastUpgradeCheck = 1170;
				ORGANIZATIONNAME = "Kenyi Rodriguez";
				TargetAttributes = {
					FB3E1AB72527FC4D008AE45A = {
						CreatedOnToolsVersion = 11.7;
					};
				};
			};
			buildConfigurationList = FB3E1AB32527FC4D008AE45A /* Build configuration list for PBXProject "TecladoEnScroll" */;
			compatibilityVersion = "Xcode 9.3";
			developmentRegion = en;
			hasScannedForEncodings = 0;
			knownRegions = (
				en,
				Base,
			);
			mainGroup = FB3E1AAF2527FC4D008AE45A;
			productRefGroup = FB3E1AB92527FC4D008AE45A /* Products */;
			projectDirPath = "";
			projectRoot = "";
			targets = (
				FB3E1AB72527FC4D008AE45A /* TecladoEnScroll */,
			);
		};
/* End PBXProject section */

/* Begin PBXResourcesBuildPhase section */
		FB3E1AB62527FC4D008AE45A /* Resources */ = {
			isa = PBXResourcesBuildPhase;
			buildActionMask = 2147483647;
			files = (
				FB3E1AC82527FC50008AE45A /* LaunchScreen.storyboard in Resources */,
				FB3E1AC52527FC50008AE45A /* Assets.xcassets in Resources */,
				FB3E1AC32527FC4E008AE45A /* Main.storyboard in Resources */,
			);
			runOnlyForDeploymentPostprocessing = 0;
		};
/* End PBXResourcesBuildPhase section */

/* Begin PBXSourcesBuildPhase section */
		FB3E1AB42527FC4D008AE45A /* Sources */ = {
			isa = PBXSourcesBuildPhase;
			buildActionMask = 2147483647;
			files = (
				FB3E1AC02527FC4D008AE45A /* ViewController.swift in Sources */,
				FB3E1ABC2527FC4D008AE45A /* AppDelegate.swift in Sources */,
				FB3E1ABE2527FC4D008AE45A /* SceneDelegate.swift in Sources */,
			);
			runOnlyForDeploymentPostprocessing = 0;
		};
/* End PBXSourcesBuildPhase section */

/* Begin PBXVariantGroup section */
		FB3E1AC12527FC4E008AE45A /* Main.storyboard */ = {
			isa = PBXVariantGroup;
			children = (
				FB3E1AC22527FC4E008AE45A /* Base */,
			);
			name = Main.storyboard;
			sourceTree = "<group>";
		};
		FB3E1AC62527FC50008AE45A /* LaunchScreen.storyboard */ = {
			isa = PBXVariantGroup;
			children = (
				FB3E1AC72527FC50008AE45A /* Base */,
			);
			name = LaunchScreen.storyboard;
			sourceTree = "<group>";
		};
/* End PBXVariantGroup section */

/* Begin XCBuildConfiguration section */
		FB3E1ACA2527FC50008AE45A /* Debug */ = {
			isa = XCBuildConfiguration;
			buildSettings = {
				ALWAYS_SEARCH_USER_PATHS = NO;
				CLANG_ANALYZER_NONNULL = YES;
				CLANG_ANALYZER_NUMBER_OBJECT_CONVERSION = YES_AGGRESSIVE;
				CLANG_CXX_LANGUAGE_STANDARD = "gnu++14";
				CLANG_CXX_LIBRARY = "libc++";
				CLANG_ENABLE_MODULES = YES;
				CLANG_ENABLE_OBJC_ARC = YES;
				CLANG_ENABLE_OBJC_WEAK = YES;
				CLANG_WARN_BLOCK_CAPTURE_AUTORELEASING = YES;
				CLANG_WARN_BOOL_CONVERSION = YES;
				CLANG_WARN_COMMA = YES;
				CLANG_WARN_CONSTANT_CONVERSION = YES;
				CLANG_WARN_DEPRECATED_OBJC_IMPLEMENTATIONS = YES;
				CLANG_WARN_DIRECT_OBJC_ISA_USAGE = YES_ERROR;
				CLANG_WARN_DOCUMENTATION_COMMENTS = YES;
				CLANG_WARN_EMPTY_BODY = YES;
				CLANG_WARN_ENUM_CONVERSION = YES;
				CLANG_WARN_INFINITE_RECURSION = YES;
				CLANG_WARN_INT_CONVERSION = YES;
				CLANG_WARN_NON_LITERAL_NULL_CONVERSION = YES;
				CLANG_WARN_OBJC_IMPLICIT_RETAIN_SELF = YES;
				CLANG_WARN_OBJC_LITERAL_CONVERSION = YES;
				CLANG_WARN_OBJC_ROOT_CLASS = YES_ERROR;
				CLANG_WARN_RANGE_LOOP_ANALYSIS = YES;
				CLANG_WARN_STRICT_PROTOTYPES = YES;
				CLANG_WARN_SUSPICIOUS_MOVE = YES;
				CLANG_WARN_UNGUARDED_AVAILABILITY = YES_AGGRESSIVE;
				CLANG_WARN_UNREACHABLE_CODE = YES;
				CLANG_WARN__DUPLICATE_METHOD_MATCH = YES;
				COPY_PHASE_STRIP = NO;
				DEBUG_INFORMATION_FORMAT = dwarf;
				ENABLE_STRICT_OBJC_MSGSEND = YES;
				ENABLE_TESTABILITY = YES;
				GCC_C_LANGUAGE_STANDARD = gnu11;
				GCC_DYNAMIC_NO_PIC = NO;
				GCC_NO_COMMON_BLOCKS = YES;
				GCC_OPTIMIZATION_LEVEL = 0;
				GCC_PREPROCESSOR_DEFINITIONS = (
					"DEBUG=1",
					"$(inherited)",
				);
				GCC_WARN_64_TO_32_BIT_CONVERSION = YES;
				GCC_WARN_ABOUT_RETURN_TYPE = YES_ERROR;
				GCC_WARN_UNDECLARED_SELECTOR = YES;
				GCC_WARN_UNINITIALIZED_AUTOS = YES_AGGRESSIVE;
				GCC_WARN_UNUSED_FUNCTION = YES;
				GCC_WARN_UNUSED_VARIABLE = YES;
				IPHONEOS_DEPLOYMENT_TARGET = 13.7;
				MTL_ENABLE_DEBUG_INFO = INCLUDE_SOURCE;
				MTL_FAST_MATH = YES;
				ONLY_ACTIVE_ARCH = YES;
				SDKROOT = iphoneos;
				SWIFT_ACTIVE_COMPILATION_CONDITIONS = DEBUG;
				SWIFT_OPTIMIZATION_LEVEL = "-Onone";
			};
			name = Debug;
		};
		FB3E1ACB2527FC50008AE45A /* Release */ = {
			isa = XCBuildConfiguration;
			buildSettings = {
				ALWAYS_SEARCH_USER_PATHS = NO;
				CLANG_ANALYZER_NONNULL = YES;
				CLANG_ANALYZER_NUMBER_OBJECT_CONVERSION = YES_AGGRESSIVE;
				CLANG_CXX_LANGUAGE_STANDARD = "gnu++14";
				CLANG_CXX_LIBRARY = "libc++";
				CLANG_ENABLE_MODULES = YES;
				CLANG_ENABLE_OBJC_ARC = YES;
				CLANG_ENABLE_OBJC_WEAK = YES;
				CLANG_WARN_BLOCK_CAPTURE_AUTORELEASING = YES;
				CLANG_WARN_BOOL_CONVERSION = YES;
				CLANG_WARN_COMMA = YES;
				CLANG_WARN_CONSTANT_CONVERSION = YES;
				CLANG_WARN_DEPRECATED_OBJC_IMPLEMENTATIONS = YES;
				CLANG_WARN_DIRECT_OBJC_ISA_USAGE = YES_ERROR;
				CLANG_WARN_DOCUMENTATION_COMMENTS = YES;
				CLANG_WARN_EMPTY_BODY = YES;
				CLANG_WARN_ENUM_CONVERSION = YES;
				CLANG_WARN_INFINITE_RECURSION = YES;
				CLANG_WARN_INT_CONVERSION = YES;
				CLANG_WARN_NON_LITERAL_NULL_CONVERSION = YES;
				CLANG_WARN_OBJC_IMPLICIT_RETAIN_SELF = YES;
				CLANG_WARN_OBJC_LITERAL_CONVERSION = YES;
				CLANG_WARN_OBJC_ROOT_CLASS = YES_ERROR;
				CLANG_WARN_RANGE_LOOP_ANALYSIS = YES;
				CLANG_WARN_STRICT_PROTOTYPES = YES;
				CLANG_WARN_SUSPICIOUS_MOVE = YES;
				CLANG_WARN_UNGUARDED_AVAILABILITY = YES_AGGRESSIVE;
				CLANG_WARN_UNREACHABLE_CODE = YES;
				CLANG_WARN__DUPLICATE_METHOD_MATCH = YES;
				COPY_PHASE_STRIP = NO;
				DEBUG_INFORMATION_FORMAT = "dwarf-with-dsym";
				ENABLE_NS_ASSERTIONS = NO;
				ENABLE_STRICT_OBJC_MSGSEND = YES;
				GCC_C_LANGUAGE_STANDARD = gnu11;
				GCC_NO_COMMON_BLOCKS = YES;
				GCC_WARN_64_TO_32_BIT_CONVERSION = YES;
				GCC_WARN_ABOUT_RETURN_TYPE = YES_ERROR;
				GCC_WARN_UNDECLARED_SELECTOR = YES;
				GCC_WARN_UNINITIALIZED_AUTOS = YES_AGGRESSIVE;
				GCC_WARN_UNUSED_FUNCTION = YES;
				GCC_WARN_UNUSED_VARIABLE = YES;
				IPHONEOS_DEPLOYMENT_TARGET = 13.7;
				MTL_ENABLE_DEBUG_INFO = NO;
				MTL_FAST_MATH = YES;
				SDKROOT = iphoneos;
				SWIFT_COMPILATION_MODE = wholemodule;
				SWIFT_OPTIMIZATION_LEVEL = "-O";
				VALIDATE_PRODUCT = YES;
			};
			name = Release;
		};
		FB3E1ACD2527FC50008AE45A /* Debug */ = {
			isa = XCBuildConfiguration;
			buildSettings = {
				ASSETCATALOG_COMPILER_APPICON_NAME = AppIcon;
				CODE_SIGN_STYLE = Automatic;
				INFOPLIST_FILE = TecladoEnScroll/Info.plist;
				LD_RUNPATH_SEARCH_PATHS = (
					"$(inherited)",
					"@executable_path/Frameworks",
				);
				PRODUCT_BUNDLE_IDENTIFIER = com.solera.TecladoEnScroll;
				PRODUCT_NAME = "$(TARGET_NAME)";
				SWIFT_VERSION = 5.0;
				TARGETED_DEVICE_FAMILY = "1,2";
			};
			name = Debug;
		};
		FB3E1ACE2527FC50008AE45A /* Release */ = {
			isa = XCBuildConfiguration;
			buildSettings = {
				ASSETCATALOG_COMPILER_APPICON_NAME = AppIcon;
				CODE_SIGN_STYLE = Automatic;
				INFOPLIST_FILE = TecladoEnScroll/Info.plist;
				LD_RUNPATH_SEARCH_PATHS = (
					"$(inherited)",
					"@executable_path/Frameworks",
				);
				PRODUCT_BUNDLE_IDENTIFIER = com.solera.TecladoEnScroll;
				PRODUCT_NAME = "$(TARGET_NAME)";
				SWIFT_VERSION = 5.0;
				TARGETED_DEVICE_FAMILY = "1,2";
			};
			name = Release;
		};
/* End XCBuildConfiguration section */

/* Begin XCConfigurationList section */
		FB3E1AB32527FC4D008AE45A /* Build configuration list for PBXProject "TecladoEnScroll" */ = {
			isa = XCConfigurationList;
			buildConfigurations = (
				FB3E1ACA2527FC50008AE45A /* Debug */,
				FB3E1ACB2527FC50008AE45A /* Release */,
			);
			defaultConfigurationIsVisible = 0;
			defaultConfigurationName = Release;
		};
		FB3E1ACC2527FC50008AE45A /* Build configuration list for PBXNativeTarget "TecladoEnScroll" */ = {
			isa = XCConfigurationList;
			buildConfigurations = (
				FB3E1ACD2527FC50008AE45A /* Debug */,
				FB3E1ACE2527FC50008AE45A /* Release */,
			);
			defaultConfigurationIsVisible = 0;
			defaultConfigurationName = Release;
		};
/* End XCConfigurationList section */
	};
	rootObject = FB3E1AB02527FC4D008AE45A /* Project object */;
}
