// !$*UTF8*$!
{
	archiveVersion = 1;
	classes = {
	};
	objectVersion = 50;
	objects = {

/* Begin PBXBuildFile section */
		FBA3280825562004007EBB25 /* AppDelegate.swift in Sources */ = {isa = PBXBuildFile; fileRef = FBA3280725562004007EBB25 /* AppDelegate.swift */; };
		FBA3280A25562004007EBB25 /* SceneDelegate.swift in Sources */ = {isa = PBXBuildFile; fileRef = FBA3280925562004007EBB25 /* SceneDelegate.swift */; };
		FBA3280C25562004007EBB25 /* ViewController.swift in Sources */ = {isa = PBXBuildFile; fileRef = FBA3280B25562004007EBB25 /* ViewController.swift */; };
		FBA3280F25562004007EBB25 /* Main.storyboard in Resources */ = {isa = PBXBuildFile; fileRef = FBA3280D25562004007EBB25 /* Main.storyboard */; };
		FBA3281125562006007EBB25 /* Assets.xcassets in Resources */ = {isa = PBXBuildFile; fileRef = FBA3281025562006007EBB25 /* Assets.xcassets */; };
		FBA3281425562006007EBB25 /* LaunchScreen.storyboard in Resources */ = {isa = PBXBuildFile; fileRef = FBA3281225562006007EBB25 /* LaunchScreen.storyboard */; };
		FBA3281C25563179007EBB25 /* DownloadImage.swift in Sources */ = {isa = PBXBuildFile; fileRef = FBA3281B25563179007EBB25 /* DownloadImage.swift */; };
/* End PBXBuildFile section */

/* Begin PBXFileReference section */
		FBA3280425562004007EBB25 /* DescargaDeImagenes.app */ = {isa = PBXFileReference; explicitFileType = wrapper.application; includeInIndex = 0; path = DescargaDeImagenes.app; sourceTree = BUILT_PRODUCTS_DIR; };
		FBA3280725562004007EBB25 /* AppDelegate.swift */ = {isa = PBXFileReference; lastKnownFileType = sourcecode.swift; path = AppDelegate.swift; sourceTree = "<group>"; };
		FBA3280925562004007EBB25 /* SceneDelegate.swift */ = {isa = PBXFileReference; lastKnownFileType = sourcecode.swift; path = SceneDelegate.swift; sourceTree = "<group>"; };
		FBA3280B25562004007EBB25 /* ViewController.swift */ = {isa = PBXFileReference; lastKnownFileType = sourcecode.swift; path = ViewController.swift; sourceTree = "<group>"; };
		FBA3280E25562004007EBB25 /* Base */ = {isa = PBXFileReference; lastKnownFileType = file.storyboard; name = Base; path = Base.lproj/Main.storyboard; sourceTree = "<group>"; };
		FBA3281025562006007EBB25 /* Assets.xcassets */ = {isa = PBXFileReference; lastKnownFileType = folder.assetcatalog; path = Assets.xcassets; sourceTree = "<group>"; };
		FBA3281325562006007EBB25 /* Base */ = {isa = PBXFileReference; lastKnownFileType = file.storyboard; name = Base; path = Base.lproj/LaunchScreen.storyboard; sourceTree = "<group>"; };
		FBA3281525562006007EBB25 /* Info.plist */ = {isa = PBXFileReference; lastKnownFileType = text.plist.xml; path = Info.plist; sourceTree = "<group>"; };
		FBA3281B25563179007EBB25 /* DownloadImage.swift */ = {isa = PBXFileReference; lastKnownFileType = sourcecode.swift; path = DownloadImage.swift; sourceTree = "<group>"; };
/* End PBXFileReference section */

/* Begin PBXFrameworksBuildPhase section */
		FBA3280125562004007EBB25 /* Frameworks */ = {
			isa = PBXFrameworksBuildPhase;
			buildActionMask = 2147483647;
			files = (
			);
			runOnlyForDeploymentPostprocessing = 0;
		};
/* End PBXFrameworksBuildPhase section */

/* Begin PBXGroup section */
		FBA327FB25562004007EBB25 = {
			isa = PBXGroup;
			children = (
				FBA3280625562004007EBB25 /* DescargaDeImagenes */,
				FBA3280525562004007EBB25 /* Products */,
			);
			sourceTree = "<group>";
		};
		FBA3280525562004007EBB25 /* Products */ = {
			isa = PBXGroup;
			children = (
				FBA3280425562004007EBB25 /* DescargaDeImagenes.app */,
			);
			name = Products;
			sourceTree = "<group>";
		};
		FBA3280625562004007EBB25 /* DescargaDeImagenes */ = {
			isa = PBXGroup;
			children = (
				FBA3280725562004007EBB25 /* AppDelegate.swift */,
				FBA3280925562004007EBB25 /* SceneDelegate.swift */,
				FBA3280B25562004007EBB25 /* ViewController.swift */,
				FBA3280D25562004007EBB25 /* Main.storyboard */,
				FBA3281025562006007EBB25 /* Assets.xcassets */,
				FBA3281225562006007EBB25 /* LaunchScreen.storyboard */,
				FBA3281525562006007EBB25 /* Info.plist */,
				FBA3281B25563179007EBB25 /* DownloadImage.swift */,
			);
			path = DescargaDeImagenes;
			sourceTree = "<group>";
		};
/* End PBXGroup section */

/* Begin PBXNativeTarget section */
		FBA3280325562004007EBB25 /* DescargaDeImagenes */ = {
			isa = PBXNativeTarget;
			buildConfigurationList = FBA3281825562006007EBB25 /* Build configuration list for PBXNativeTarget "DescargaDeImagenes" */;
			buildPhases = (
				FBA3280025562004007EBB25 /* Sources */,
				FBA3280125562004007EBB25 /* Frameworks */,
				FBA3280225562004007EBB25 /* Resources */,
			);
			buildRules = (
			);
			dependencies = (
			);
			name = DescargaDeImagenes;
			productName = DescargaDeImagenes;
			productReference = FBA3280425562004007EBB25 /* DescargaDeImagenes.app */;
			productType = "com.apple.product-type.application";
		};
/* End PBXNativeTarget section */

/* Begin PBXProject section */
		FBA327FC25562004007EBB25 /* Project object */ = {
			isa = PBXProject;
			attributes = {
				LastSwiftUpdateCheck = 1170;
				LastUpgradeCheck = 1170;
				ORGANIZATIONNAME = "Kenyi Rodriguez";
				TargetAttributes = {
					FBA3280325562004007EBB25 = {
						CreatedOnToolsVersion = 11.7;
					};
				};
			};
			buildConfigurationList = FBA327FF25562004007EBB25 /* Build configuration list for PBXProject "DescargaDeImagenes" */;
			compatibilityVersion = "Xcode 9.3";
			developmentRegion = en;
			hasScannedForEncodings = 0;
			knownRegions = (
				en,
				Base,
			);
			mainGroup = FBA327FB25562004007EBB25;
			productRefGroup = FBA3280525562004007EBB25 /* Products */;
			projectDirPath = "";
			projectRoot = "";
			targets = (
				FBA3280325562004007EBB25 /* DescargaDeImagenes */,
			);
		};
/* End PBXProject section */

/* Begin PBXResourcesBuildPhase section */
		FBA3280225562004007EBB25 /* Resources */ = {
			isa = PBXResourcesBuildPhase;
			buildActionMask = 2147483647;
			files = (
				FBA3281425562006007EBB25 /* LaunchScreen.storyboard in Resources */,
				FBA3281125562006007EBB25 /* Assets.xcassets in Resources */,
				FBA3280F25562004007EBB25 /* Main.storyboard in Resources */,
			);
			runOnlyForDeploymentPostprocessing = 0;
		};
/* End PBXResourcesBuildPhase section */

/* Begin PBXSourcesBuildPhase section */
		FBA3280025562004007EBB25 /* Sources */ = {
			isa = PBXSourcesBuildPhase;
			buildActionMask = 2147483647;
			files = (
				FBA3280C25562004007EBB25 /* ViewController.swift in Sources */,
				FBA3281C25563179007EBB25 /* DownloadImage.swift in Sources */,
				FBA3280825562004007EBB25 /* AppDelegate.swift in Sources */,
				FBA3280A25562004007EBB25 /* SceneDelegate.swift in Sources */,
			);
			runOnlyForDeploymentPostprocessing = 0;
		};
/* End PBXSourcesBuildPhase section */

/* Begin PBXVariantGroup section */
		FBA3280D25562004007EBB25 /* Main.storyboard */ = {
			isa = PBXVariantGroup;
			children = (
				FBA3280E25562004007EBB25 /* Base */,
			);
			name = Main.storyboard;
			sourceTree = "<group>";
		};
		FBA3281225562006007EBB25 /* LaunchScreen.storyboard */ = {
			isa = PBXVariantGroup;
			children = (
				FBA3281325562006007EBB25 /* Base */,
			);
			name = LaunchScreen.storyboard;
			sourceTree = "<group>";
		};
/* End PBXVariantGroup section */

/* Begin XCBuildConfiguration section */
		FBA3281625562006007EBB25 /* Debug */ = {
			isa = XCBuildConfiguration;
			buildSettings = {
				ALWAYS_SEARCH_USER_PATHS = NO;
				CLANG_ANALYZER_NONNULL = YES;
				CLANG_ANALYZER_NUMBER_OBJECT_CONVERSION = YES_AGGRESSIVE;
				CLANG_CXX_LANGUAGE_STANDARD = "gnu++14";
				CLANG_CXX_LIBRARY = "libc++";
				CLANG_ENABLE_MODULES = YES;
				CLANG_ENABLE_OBJC_ARC = YES;
				CLANG_ENABLE_OBJC_WEAK = YES;
				CLANG_WARN_BLOCK_CAPTURE_AUTORELEASING = YES;
				CLANG_WARN_BOOL_CONVERSION = YES;
				CLANG_WARN_COMMA = YES;
				CLANG_WARN_CONSTANT_CONVERSION = YES;
				CLANG_WARN_DEPRECATED_OBJC_IMPLEMENTATIONS = YES;
				CLANG_WARN_DIRECT_OBJC_ISA_USAGE = YES_ERROR;
				CLANG_WARN_DOCUMENTATION_COMMENTS = YES;
				CLANG_WARN_EMPTY_BODY = YES;
				CLANG_WARN_ENUM_CONVERSION = YES;
				CLANG_WARN_INFINITE_RECURSION = YES;
				CLANG_WARN_INT_CONVERSION = YES;
				CLANG_WARN_NON_LITERAL_NULL_CONVERSION = YES;
				CLANG_WARN_OBJC_IMPLICIT_RETAIN_SELF = YES;
				CLANG_WARN_OBJC_LITERAL_CONVERSION = YES;
				CLANG_WARN_OBJC_ROOT_CLASS = YES_ERROR;
				CLANG_WARN_RANGE_LOOP_ANALYSIS = YES;
				CLANG_WARN_STRICT_PROTOTYPES = YES;
				CLANG_WARN_SUSPICIOUS_MOVE = YES;
				CLANG_WARN_UNGUARDED_AVAILABILITY = YES_AGGRESSIVE;
				CLANG_WARN_UNREACHABLE_CODE = YES;
				CLANG_WARN__DUPLICATE_METHOD_MATCH = YES;
				COPY_PHASE_STRIP = NO;
				DEBUG_INFORMATION_FORMAT = dwarf;
				ENABLE_STRICT_OBJC_MSGSEND = YES;
				ENABLE_TESTABILITY = YES;
				GCC_C_LANGUAGE_STANDARD = gnu11;
				GCC_DYNAMIC_NO_PIC = NO;
				GCC_NO_COMMON_BLOCKS = YES;
				GCC_OPTIMIZATION_LEVEL = 0;
				GCC_PREPROCESSOR_DEFINITIONS = (
					"DEBUG=1",
					"$(inherited)",
				);
				GCC_WARN_64_TO_32_BIT_CONVERSION = YES;
				GCC_WARN_ABOUT_RETURN_TYPE = YES_ERROR;
				GCC_WARN_UNDECLARED_SELECTOR = YES;
				GCC_WARN_UNINITIALIZED_AUTOS = YES_AGGRESSIVE;
				GCC_WARN_UNUSED_FUNCTION = YES;
				GCC_WARN_UNUSED_VARIABLE = YES;
				IPHONEOS_DEPLOYMENT_TARGET = 13.7;
				MTL_ENABLE_DEBUG_INFO = INCLUDE_SOURCE;
				MTL_FAST_MATH = YES;
				ONLY_ACTIVE_ARCH = YES;
				SDKROOT = iphoneos;
				SWIFT_ACTIVE_COMPILATION_CONDITIONS = DEBUG;
				SWIFT_OPTIMIZATION_LEVEL = "-Onone";
			};
			name = Debug;
		};
		FBA3281725562006007EBB25 /* Release */ = {
			isa = XCBuildConfiguration;
			buildSettings = {
				ALWAYS_SEARCH_USER_PATHS = NO;
				CLANG_ANALYZER_NONNULL = YES;
				CLANG_ANALYZER_NUMBER_OBJECT_CONVERSION = YES_AGGRESSIVE;
				CLANG_CXX_LANGUAGE_STANDARD = "gnu++14";
				CLANG_CXX_LIBRARY = "libc++";
				CLANG_ENABLE_MODULES = YES;
				CLANG_ENABLE_OBJC_ARC = YES;
				CLANG_ENABLE_OBJC_WEAK = YES;
				CLANG_WARN_BLOCK_CAPTURE_AUTORELEASING = YES;
				CLANG_WARN_BOOL_CONVERSION = YES;
				CLANG_WARN_COMMA = YES;
				CLANG_WARN_CONSTANT_CONVERSION = YES;
				CLANG_WARN_DEPRECATED_OBJC_IMPLEMENTATIONS = YES;
				CLANG_WARN_DIRECT_OBJC_ISA_USAGE = YES_ERROR;
				CLANG_WARN_DOCUMENTATION_COMMENTS = YES;
				CLANG_WARN_EMPTY_BODY = YES;
				CLANG_WARN_ENUM_CONVERSION = YES;
				CLANG_WARN_INFINITE_RECURSION = YES;
				CLANG_WARN_INT_CONVERSION = YES;
				CLANG_WARN_NON_LITERAL_NULL_CONVERSION = YES;
				CLANG_WARN_OBJC_IMPLICIT_RETAIN_SELF = YES;
				CLANG_WARN_OBJC_LITERAL_CONVERSION = YES;
				CLANG_WARN_OBJC_ROOT_CLASS = YES_ERROR;
				CLANG_WARN_RANGE_LOOP_ANALYSIS = YES;
				CLANG_WARN_STRICT_PROTOTYPES = YES;
				CLANG_WARN_SUSPICIOUS_MOVE = YES;
				CLANG_WARN_UNGUARDED_AVAILABILITY = YES_AGGRESSIVE;
				CLANG_WARN_UNREACHABLE_CODE = YES;
				CLANG_WARN__DUPLICATE_METHOD_MATCH = YES;
				COPY_PHASE_STRIP = NO;
				DEBUG_INFORMATION_FORMAT = "dwarf-with-dsym";
				ENABLE_NS_ASSERTIONS = NO;
				ENABLE_STRICT_OBJC_MSGSEND = YES;
				GCC_C_LANGUAGE_STANDARD = gnu11;
				GCC_NO_COMMON_BLOCKS = YES;
				GCC_WARN_64_TO_32_BIT_CONVERSION = YES;
				GCC_WARN_ABOUT_RETURN_TYPE = YES_ERROR;
				GCC_WARN_UNDECLARED_SELECTOR = YES;
				GCC_WARN_UNINITIALIZED_AUTOS = YES_AGGRESSIVE;
				GCC_WARN_UNUSED_FUNCTION = YES;
				GCC_WARN_UNUSED_VARIABLE = YES;
				IPHONEOS_DEPLOYMENT_TARGET = 13.7;
				MTL_ENABLE_DEBUG_INFO = NO;
				MTL_FAST_MATH = YES;
				SDKROOT = iphoneos;
				SWIFT_COMPILATION_MODE = wholemodule;
				SWIFT_OPTIMIZATION_LEVEL = "-O";
				VALIDATE_PRODUCT = YES;
			};
			name = Release;
		};
		FBA3281925562006007EBB25 /* Debug */ = {
			isa = XCBuildConfiguration;
			buildSettings = {
				ASSETCATALOG_COMPILER_APPICON_NAME = AppIcon;
				CODE_SIGN_STYLE = Automatic;
				INFOPLIST_FILE = DescargaDeImagenes/Info.plist;
				LD_RUNPATH_SEARCH_PATHS = (
					"$(inherited)",
					"@executable_path/Frameworks",
				);
				PRODUCT_BUNDLE_IDENTIFIER = com.solera.DescargaDeImagenes;
				PRODUCT_NAME = "$(TARGET_NAME)";
				SWIFT_VERSION = 5.0;
				TARGETED_DEVICE_FAMILY = "1,2";
			};
			name = Debug;
		};
		FBA3281A25562006007EBB25 /* Release */ = {
			isa = XCBuildConfiguration;
			buildSettings = {
				ASSETCATALOG_COMPILER_APPICON_NAME = AppIcon;
				CODE_SIGN_STYLE = Automatic;
				INFOPLIST_FILE = DescargaDeImagenes/Info.plist;
				LD_RUNPATH_SEARCH_PATHS = (
					"$(inherited)",
					"@executable_path/Frameworks",
				);
				PRODUCT_BUNDLE_IDENTIFIER = com.solera.DescargaDeImagenes;
				PRODUCT_NAME = "$(TARGET_NAME)";
				SWIFT_VERSION = 5.0;
				TARGETED_DEVICE_FAMILY = "1,2";
			};
			name = Release;
		};
/* End XCBuildConfiguration section */

/* Begin XCConfigurationList section */
		FBA327FF25562004007EBB25 /* Build configuration list for PBXProject "DescargaDeImagenes" */ = {
			isa = XCConfigurationList;
			buildConfigurations = (
				FBA3281625562006007EBB25 /* Debug */,
				FBA3281725562006007EBB25 /* Release */,
			);
			defaultConfigurationIsVisible = 0;
			defaultConfigurationName = Release;
		};
		FBA3281825562006007EBB25 /* Build configuration list for PBXNativeTarget "DescargaDeImagenes" */ = {
			isa = XCConfigurationList;
			buildConfigurations = (
				FBA3281925562006007EBB25 /* Debug */,
				FBA3281A25562006007EBB25 /* Release */,
			);
			defaultConfigurationIsVisible = 0;
			defaultConfigurationName = Release;
		};
/* End XCConfigurationList section */
	};
	rootObject = FBA327FC25562004007EBB25 /* Project object */;
}
