// !$*UTF8*$!
{
	archiveVersion = 1;
	classes = {
	};
	objectVersion = 50;
	objects = {

/* Begin PBXBuildFile section */
		FB731C2A250C6BA90063AF0B /* AppDelegate.swift in Sources */ = {isa = PBXBuildFile; fileRef = FB731C29250C6BA90063AF0B /* AppDelegate.swift */; };
		FB731C2C250C6BA90063AF0B /* SceneDelegate.swift in Sources */ = {isa = PBXBuildFile; fileRef = FB731C2B250C6BA90063AF0B /* SceneDelegate.swift */; };
		FB731C2E250C6BA90063AF0B /* ViewController.swift in Sources */ = {isa = PBXBuildFile; fileRef = FB731C2D250C6BA90063AF0B /* ViewController.swift */; };
		FB731C31250C6BA90063AF0B /* Main.storyboard in Resources */ = {isa = PBXBuildFile; fileRef = FB731C2F250C6BA90063AF0B /* Main.storyboard */; };
		FB731C33250C6BAB0063AF0B /* Assets.xcassets in Resources */ = {isa = PBXBuildFile; fileRef = FB731C32250C6BAB0063AF0B /* Assets.xcassets */; };
		FB731C36250C6BAB0063AF0B /* LaunchScreen.storyboard in Resources */ = {isa = PBXBuildFile; fileRef = FB731C34250C6BAB0063AF0B /* LaunchScreen.storyboard */; };
/* End PBXBuildFile section */

/* Begin PBXFileReference section */
		FB731C26250C6BA90063AF0B /* DemoAplicacion.app */ = {isa = PBXFileReference; explicitFileType = wrapper.application; includeInIndex = 0; path = DemoAplicacion.app; sourceTree = BUILT_PRODUCTS_DIR; };
		FB731C29250C6BA90063AF0B /* AppDelegate.swift */ = {isa = PBXFileReference; lastKnownFileType = sourcecode.swift; path = AppDelegate.swift; sourceTree = "<group>"; };
		FB731C2B250C6BA90063AF0B /* SceneDelegate.swift */ = {isa = PBXFileReference; lastKnownFileType = sourcecode.swift; path = SceneDelegate.swift; sourceTree = "<group>"; };
		FB731C2D250C6BA90063AF0B /* ViewController.swift */ = {isa = PBXFileReference; lastKnownFileType = sourcecode.swift; path = ViewController.swift; sourceTree = "<group>"; };
		FB731C30250C6BA90063AF0B /* Base */ = {isa = PBXFileReference; lastKnownFileType = file.storyboard; name = Base; path = Base.lproj/Main.storyboard; sourceTree = "<group>"; };
		FB731C32250C6BAB0063AF0B /* Assets.xcassets */ = {isa = PBXFileReference; lastKnownFileType = folder.assetcatalog; path = Assets.xcassets; sourceTree = "<group>"; };
		FB731C35250C6BAB0063AF0B /* Base */ = {isa = PBXFileReference; lastKnownFileType = file.storyboard; name = Base; path = Base.lproj/LaunchScreen.storyboard; sourceTree = "<group>"; };
		FB731C37250C6BAB0063AF0B /* Info.plist */ = {isa = PBXFileReference; lastKnownFileType = text.plist.xml; path = Info.plist; sourceTree = "<group>"; };
/* End PBXFileReference section */

/* Begin PBXFrameworksBuildPhase section */
		FB731C23250C6BA90063AF0B /* Frameworks */ = {
			isa = PBXFrameworksBuildPhase;
			buildActionMask = 2147483647;
			files = (
			);
			runOnlyForDeploymentPostprocessing = 0;
		};
/* End PBXFrameworksBuildPhase section */

/* Begin PBXGroup section */
		FB731C1D250C6BA90063AF0B = {
			isa = PBXGroup;
			children = (
				FB731C28250C6BA90063AF0B /* DemoAplicacion */,
				FB731C27250C6BA90063AF0B /* Products */,
			);
			sourceTree = "<group>";
		};
		FB731C27250C6BA90063AF0B /* Products */ = {
			isa = PBXGroup;
			children = (
				FB731C26250C6BA90063AF0B /* DemoAplicacion.app */,
			);
			name = Products;
			sourceTree = "<group>";
		};
		FB731C28250C6BA90063AF0B /* DemoAplicacion */ = {
			isa = PBXGroup;
			children = (
				FB731C29250C6BA90063AF0B /* AppDelegate.swift */,
				FB731C2B250C6BA90063AF0B /* SceneDelegate.swift */,
				FB731C2D250C6BA90063AF0B /* ViewController.swift */,
				FB731C2F250C6BA90063AF0B /* Main.storyboard */,
				FB731C32250C6BAB0063AF0B /* Assets.xcassets */,
				FB731C34250C6BAB0063AF0B /* LaunchScreen.storyboard */,
				FB731C37250C6BAB0063AF0B /* Info.plist */,
			);
			path = DemoAplicacion;
			sourceTree = "<group>";
		};
/* End PBXGroup section */

/* Begin PBXNativeTarget section */
		FB731C25250C6BA90063AF0B /* DemoAplicacion */ = {
			isa = PBXNativeTarget;
			buildConfigurationList = FB731C3A250C6BAB0063AF0B /* Build configuration list for PBXNativeTarget "DemoAplicacion" */;
			buildPhases = (
				FB731C22250C6BA90063AF0B /* Sources */,
				FB731C23250C6BA90063AF0B /* Frameworks */,
				FB731C24250C6BA90063AF0B /* Resources */,
			);
			buildRules = (
			);
			dependencies = (
			);
			name = DemoAplicacion;
			productName = DemoAplicacion;
			productReference = FB731C26250C6BA90063AF0B /* DemoAplicacion.app */;
			productType = "com.apple.product-type.application";
		};
/* End PBXNativeTarget section */

/* Begin PBXProject section */
		FB731C1E250C6BA90063AF0B /* Project object */ = {
			isa = PBXProject;
			attributes = {
				LastSwiftUpdateCheck = 1160;
				LastUpgradeCheck = 1160;
				ORGANIZATIONNAME = "Kenyi Rodriguez";
				TargetAttributes = {
					FB731C25250C6BA90063AF0B = {
						CreatedOnToolsVersion = 11.6;
					};
				};
			};
			buildConfigurationList = FB731C21250C6BA90063AF0B /* Build configuration list for PBXProject "DemoAplicacion" */;
			compatibilityVersion = "Xcode 9.3";
			developmentRegion = en;
			hasScannedForEncodings = 0;
			knownRegions = (
				en,
				Base,
			);
			mainGroup = FB731C1D250C6BA90063AF0B;
			productRefGroup = FB731C27250C6BA90063AF0B /* Products */;
			projectDirPath = "";
			projectRoot = "";
			targets = (
				FB731C25250C6BA90063AF0B /* DemoAplicacion */,
			);
		};
/* End PBXProject section */

/* Begin PBXResourcesBuildPhase section */
		FB731C24250C6BA90063AF0B /* Resources */ = {
			isa = PBXResourcesBuildPhase;
			buildActionMask = 2147483647;
			files = (
				FB731C36250C6BAB0063AF0B /* LaunchScreen.storyboard in Resources */,
				FB731C33250C6BAB0063AF0B /* Assets.xcassets in Resources */,
				FB731C31250C6BA90063AF0B /* Main.storyboard in Resources */,
			);
			runOnlyForDeploymentPostprocessing = 0;
		};
/* End PBXResourcesBuildPhase section */

/* Begin PBXSourcesBuildPhase section */
		FB731C22250C6BA90063AF0B /* Sources */ = {
			isa = PBXSourcesBuildPhase;
			buildActionMask = 2147483647;
			files = (
				FB731C2E250C6BA90063AF0B /* ViewController.swift in Sources */,
				FB731C2A250C6BA90063AF0B /* AppDelegate.swift in Sources */,
				FB731C2C250C6BA90063AF0B /* SceneDelegate.swift in Sources */,
			);
			runOnlyForDeploymentPostprocessing = 0;
		};
/* End PBXSourcesBuildPhase section */

/* Begin PBXVariantGroup section */
		FB731C2F250C6BA90063AF0B /* Main.storyboard */ = {
			isa = PBXVariantGroup;
			children = (
				FB731C30250C6BA90063AF0B /* Base */,
			);
			name = Main.storyboard;
			sourceTree = "<group>";
		};
		FB731C34250C6BAB0063AF0B /* LaunchScreen.storyboard */ = {
			isa = PBXVariantGroup;
			children = (
				FB731C35250C6BAB0063AF0B /* Base */,
			);
			name = LaunchScreen.storyboard;
			sourceTree = "<group>";
		};
/* End PBXVariantGroup section */

/* Begin XCBuildConfiguration section */
		FB731C38250C6BAB0063AF0B /* Debug */ = {
			isa = XCBuildConfiguration;
			buildSettings = {
				ALWAYS_SEARCH_USER_PATHS = NO;
				CLANG_ANALYZER_NONNULL = YES;
				CLANG_ANALYZER_NUMBER_OBJECT_CONVERSION = YES_AGGRESSIVE;
				CLANG_CXX_LANGUAGE_STANDARD = "gnu++14";
				CLANG_CXX_LIBRARY = "libc++";
				CLANG_ENABLE_MODULES = YES;
				CLANG_ENABLE_OBJC_ARC = YES;
				CLANG_ENABLE_OBJC_WEAK = YES;
				CLANG_WARN_BLOCK_CAPTURE_AUTORELEASING = YES;
				CLANG_WARN_BOOL_CONVERSION = YES;
				CLANG_WARN_COMMA = YES;
				CLANG_WARN_CONSTANT_CONVERSION = YES;
				CLANG_WARN_DEPRECATED_OBJC_IMPLEMENTATIONS = YES;
				CLANG_WARN_DIRECT_OBJC_ISA_USAGE = YES_ERROR;
				CLANG_WARN_DOCUMENTATION_COMMENTS = YES;
				CLANG_WARN_EMPTY_BODY = YES;
				CLANG_WARN_ENUM_CONVERSION = YES;
				CLANG_WARN_INFINITE_RECURSION = YES;
				CLANG_WARN_INT_CONVERSION = YES;
				CLANG_WARN_NON_LITERAL_NULL_CONVERSION = YES;
				CLANG_WARN_OBJC_IMPLICIT_RETAIN_SELF = YES;
				CLANG_WARN_OBJC_LITERAL_CONVERSION = YES;
				CLANG_WARN_OBJC_ROOT_CLASS = YES_ERROR;
				CLANG_WARN_RANGE_LOOP_ANALYSIS = YES;
				CLANG_WARN_STRICT_PROTOTYPES = YES;
				CLANG_WARN_SUSPICIOUS_MOVE = YES;
				CLANG_WARN_UNGUARDED_AVAILABILITY = YES_AGGRESSIVE;
				CLANG_WARN_UNREACHABLE_CODE = YES;
				CLANG_WARN__DUPLICATE_METHOD_MATCH = YES;
				COPY_PHASE_STRIP = NO;
				DEBUG_INFORMATION_FORMAT = dwarf;
				ENABLE_STRICT_OBJC_MSGSEND = YES;
				ENABLE_TESTABILITY = YES;
				GCC_C_LANGUAGE_STANDARD = gnu11;
				GCC_DYNAMIC_NO_PIC = NO;
				GCC_NO_COMMON_BLOCKS = YES;
				GCC_OPTIMIZATION_LEVEL = 0;
				GCC_PREPROCESSOR_DEFINITIONS = (
					"DEBUG=1",
					"$(inherited)",
				);
				GCC_WARN_64_TO_32_BIT_CONVERSION = YES;
				GCC_WARN_ABOUT_RETURN_TYPE = YES_ERROR;
				GCC_WARN_UNDECLARED_SELECTOR = YES;
				GCC_WARN_UNINITIALIZED_AUTOS = YES_AGGRESSIVE;
				GCC_WARN_UNUSED_FUNCTION = YES;
				GCC_WARN_UNUSED_VARIABLE = YES;
				IPHONEOS_DEPLOYMENT_TARGET = 13.6;
				MTL_ENABLE_DEBUG_INFO = INCLUDE_SOURCE;
				MTL_FAST_MATH = YES;
				ONLY_ACTIVE_ARCH = YES;
				SDKROOT = iphoneos;
				SWIFT_ACTIVE_COMPILATION_CONDITIONS = DEBUG;
				SWIFT_OPTIMIZATION_LEVEL = "-Onone";
			};
			name = Debug;
		};
		FB731C39250C6BAB0063AF0B /* Release */ = {
			isa = XCBuildConfiguration;
			buildSettings = {
				ALWAYS_SEARCH_USER_PATHS = NO;
				CLANG_ANALYZER_NONNULL = YES;
				CLANG_ANALYZER_NUMBER_OBJECT_CONVERSION = YES_AGGRESSIVE;
				CLANG_CXX_LANGUAGE_STANDARD = "gnu++14";
				CLANG_CXX_LIBRARY = "libc++";
				CLANG_ENABLE_MODULES = YES;
				CLANG_ENABLE_OBJC_ARC = YES;
				CLANG_ENABLE_OBJC_WEAK = YES;
				CLANG_WARN_BLOCK_CAPTURE_AUTORELEASING = YES;
				CLANG_WARN_BOOL_CONVERSION = YES;
				CLANG_WARN_COMMA = YES;
				CLANG_WARN_CONSTANT_CONVERSION = YES;
				CLANG_WARN_DEPRECATED_OBJC_IMPLEMENTATIONS = YES;
				CLANG_WARN_DIRECT_OBJC_ISA_USAGE = YES_ERROR;
				CLANG_WARN_DOCUMENTATION_COMMENTS = YES;
				CLANG_WARN_EMPTY_BODY = YES;
				CLANG_WARN_ENUM_CONVERSION = YES;
				CLANG_WARN_INFINITE_RECURSION = YES;
				CLANG_WARN_INT_CONVERSION = YES;
				CLANG_WARN_NON_LITERAL_NULL_CONVERSION = YES;
				CLANG_WARN_OBJC_IMPLICIT_RETAIN_SELF = YES;
				CLANG_WARN_OBJC_LITERAL_CONVERSION = YES;
				CLANG_WARN_OBJC_ROOT_CLASS = YES_ERROR;
				CLANG_WARN_RANGE_LOOP_ANALYSIS = YES;
				CLANG_WARN_STRICT_PROTOTYPES = YES;
				CLANG_WARN_SUSPICIOUS_MOVE = YES;
				CLANG_WARN_UNGUARDED_AVAILABILITY = YES_AGGRESSIVE;
				CLANG_WARN_UNREACHABLE_CODE = YES;
				CLANG_WARN__DUPLICATE_METHOD_MATCH = YES;
				COPY_PHASE_STRIP = NO;
				DEBUG_INFORMATION_FORMAT = "dwarf-with-dsym";
				ENABLE_NS_ASSERTIONS = NO;
				ENABLE_STRICT_OBJC_MSGSEND = YES;
				GCC_C_LANGUAGE_STANDARD = gnu11;
				GCC_NO_COMMON_BLOCKS = YES;
				GCC_WARN_64_TO_32_BIT_CONVERSION = YES;
				GCC_WARN_ABOUT_RETURN_TYPE = YES_ERROR;
				GCC_WARN_UNDECLARED_SELECTOR = YES;
				GCC_WARN_UNINITIALIZED_AUTOS = YES_AGGRESSIVE;
				GCC_WARN_UNUSED_FUNCTION = YES;
				GCC_WARN_UNUSED_VARIABLE = YES;
				IPHONEOS_DEPLOYMENT_TARGET = 13.6;
				MTL_ENABLE_DEBUG_INFO = NO;
				MTL_FAST_MATH = YES;
				SDKROOT = iphoneos;
				SWIFT_COMPILATION_MODE = wholemodule;
				SWIFT_OPTIMIZATION_LEVEL = "-O";
				VALIDATE_PRODUCT = YES;
			};
			name = Release;
		};
		FB731C3B250C6BAB0063AF0B /* Debug */ = {
			isa = XCBuildConfiguration;
			buildSettings = {
				ASSETCATALOG_COMPILER_APPICON_NAME = AppIcon;
				CODE_SIGN_STYLE = Automatic;
				INFOPLIST_FILE = DemoAplicacion/Info.plist;
				LD_RUNPATH_SEARCH_PATHS = (
					"$(inherited)",
					"@executable_path/Frameworks",
				);
				PRODUCT_BUNDLE_IDENTIFIER = com.solera.DemoAplicacion;
				PRODUCT_NAME = "$(TARGET_NAME)";
				SWIFT_VERSION = 5.0;
				TARGETED_DEVICE_FAMILY = "1,2";
			};
			name = Debug;
		};
		FB731C3C250C6BAB0063AF0B /* Release */ = {
			isa = XCBuildConfiguration;
			buildSettings = {
				ASSETCATALOG_COMPILER_APPICON_NAME = AppIcon;
				CODE_SIGN_STYLE = Automatic;
				INFOPLIST_FILE = DemoAplicacion/Info.plist;
				LD_RUNPATH_SEARCH_PATHS = (
					"$(inherited)",
					"@executable_path/Frameworks",
				);
				PRODUCT_BUNDLE_IDENTIFIER = com.solera.DemoAplicacion;
				PRODUCT_NAME = "$(TARGET_NAME)";
				SWIFT_VERSION = 5.0;
				TARGETED_DEVICE_FAMILY = "1,2";
			};
			name = Release;
		};
/* End XCBuildConfiguration section */

/* Begin XCConfigurationList section */
		FB731C21250C6BA90063AF0B /* Build configuration list for PBXProject "DemoAplicacion" */ = {
			isa = XCConfigurationList;
			buildConfigurations = (
				FB731C38250C6BAB0063AF0B /* Debug */,
				FB731C39250C6BAB0063AF0B /* Release */,
			);
			defaultConfigurationIsVisible = 0;
			defaultConfigurationName = Release;
		};
		FB731C3A250C6BAB0063AF0B /* Build configuration list for PBXNativeTarget "DemoAplicacion" */ = {
			isa = XCConfigurationList;
			buildConfigurations = (
				FB731C3B250C6BAB0063AF0B /* Debug */,
				FB731C3C250C6BAB0063AF0B /* Release */,
			);
			defaultConfigurationIsVisible = 0;
			defaultConfigurationName = Release;
		};
/* End XCConfigurationList section */
	};
	rootObject = FB731C1E250C6BA90063AF0B /* Project object */;
}
